# Generated by conda-lock.
# platform: linux-64
# input_hash: 3e3860d50183104a03cd2028650df084314d0fe79fb3915c3dd6e48634dac0ef
@EXPLICIT
https://conda.anaconda.org/conda-forge/noarch/python_abi-3.8-8_cp38.conda#4f7b6e3de4f15cc44e0f93b39f07205d
https://conda.anaconda.org/conda-forge/noarch/ca-certificates-2026.2.25-hbd8a1cb_0.conda#4492fd26db29495f0ba23f146cd5638d
https://conda.anaconda.org/conda-forge/linux-64/ld_impl_linux-64-2.45.1-bootstrap_ha15bf96_2.conda#bafc61899c34054d1f5e7cd85a2f81e9
https://conda.anaconda.org/conda-forge/linux-64/libgomp-15.2.0-he0feb66_18.conda#239c5e9546c38a1e884d69effcf4c882
https://conda.anaconda.org/conda-forge/linux-64/_openmp_mutex-4.5-20_gnu.conda#a9f577daf3de00bca7c3c76c0ecbd1de
https://conda.anaconda.org/conda-forge/linux-64/libgcc-15.2.0-he0feb66_18.conda#0aa00f03f9e39fb9876085dee11a85d4
https://conda.anaconda.org/conda-forge/linux-64/bzip2-1.0.8-hda65f42_9.conda#d2ffd7602c02f2b316fd921d39876885
https://conda.anaconda.org/conda-forge/linux-64/c-ares-1.34.6-hb03c661_0.conda#920bb03579f15389b9e512095ad995b7
https://conda.anaconda.org/conda-forge/linux-64/keyutils-1.6.3-hb9d3cd8_0.conda#b38117a3c920364aff79f870c984b4a3
https://conda.anaconda.org/conda-forge/linux-64/libbrotlicommon-1.2.0-hb03c661_1.conda#72c8fd1af66bd67bf580645b426513ed
https://conda.anaconda.org/conda-forge/linux-64/libdeflate-1.25-h17f619e_0.conda#6c77a605a7a689d17d4819c0f8ac9a00
https://conda.anaconda.org/conda-forge/linux-64/libffi-3.4.6-h2dba641_1.conda#ede4673863426c0883c0063d853bbd85
https://conda.anaconda.org/conda-forge/linux-64/libgcc-ng-15.2.0-h69a702a_18.conda#d5e96b1ed75ca01906b3d2469b4ce493
https://conda.anaconda.org/conda-forge/linux-64/libgfortran5-15.2.0-h68bc16d_18.conda#646855f357199a12f02a87382d429b75
https://conda.anaconda.org/conda-forge/linux-64/liblzma-5.8.2-hb03c661_0.conda#c7c83eecbb72d88b940c249af56c8b17
https://conda.anaconda.org/conda-forge/linux-64/libnsl-2.0.1-hb9d3cd8_1.conda#d864d34357c3b65a4b731f78c0801dc4
https://conda.anaconda.org/conda-forge/linux-64/libstdcxx-15.2.0-h934c35e_18.conda#1b08cd684f34175e4514474793d44bcb
https://conda.anaconda.org/conda-forge/linux-64/libwebp-base-1.6.0-hd42ef1d_0.conda#aea31d2e5b1091feca96fcfe945c3cf9
https://conda.anaconda.org/conda-forge/linux-64/openssl-3.6.1-h35e630c_1.conda#f61eb8cd60ff9057122a3d338b99c00f
https://conda.anaconda.org/conda-forge/linux-64/unzip-6.0-hb03c661_4.conda#7f58240fa4cd5b42607606333cf8b550
https://conda.anaconda.org/conda-forge/linux-64/yaml-0.2.5-h280c20c_3.conda#a77f85f77be52ff59391544bfe73390a
https://conda.anaconda.org/conda-forge/linux-64/jpeg-9e-h0b41bf4_3.conda#c7a069243e1fbe9a556ed2ec030e6407
https://conda.anaconda.org/conda-forge/linux-64/libbrotlidec-1.2.0-hb03c661_1.conda#366b40a69f0ad6072561c1d09301c886
https://conda.anaconda.org/conda-forge/linux-64/libbrotlienc-1.2.0-hb03c661_1.conda#4ffbb341c8b616aa2494b6afb26a0c5f
https://conda.anaconda.org/conda-forge/linux-64/libev-4.33-hd590300_2.conda#172bf1cd1ff8629f2b1179945ed45055
https://conda.anaconda.org/conda-forge/linux-64/libgfortran-15.2.0-h69a702a_18.conda#9063115da5bc35fdc3e1002e69b9ef6e
https://conda.anaconda.org/conda-forge/linux-64/liblzma-devel-5.8.2-hb03c661_0.conda#de60549ba9d8921dff3afa4b179e2a4b
https://conda.anaconda.org/conda-forge/linux-64/libsodium-1.0.18-h36c2ea0_1.tar.bz2#c3788462a6fbddafdb413a9f9053e58d
https://conda.anaconda.org/conda-forge/linux-64/libstdcxx-ng-15.2.0-hdf11a46_18.conda#6235adb93d064ecdf3d44faee6f468de
https://conda.anaconda.org/conda-forge/linux-64/libunistring-0.9.10-h7f98852_0.tar.bz2#7245a044b4a1980ed83196176b78b73a
https://conda.anaconda.org/conda-forge/linux-64/libxcrypt-4.4.36-hd590300_1.conda#5aa797f8787fe7a17d1b0821485b5adc
https://conda.anaconda.org/conda-forge/linux-64/libzlib-1.2.13-h4ab18f5_6.conda#27329162c0dc732bcf67a4e0cd488125
https://conda.anaconda.org/conda-forge/linux-64/ncurses-6.2-h58526e2_4.tar.bz2#509f2a21c4a09214cd737a480dfd80c9
https://conda.anaconda.org/conda-forge/linux-64/xz-gpl-tools-5.8.2-ha02ee65_0.conda#a159fe1e8200dd67fa88ddea9169d25a
https://conda.anaconda.org/conda-forge/linux-64/xz-tools-5.8.2-hb03c661_0.conda#dfd6129671f782988d665354e7aa269d
https://conda.anaconda.org/conda-forge/linux-64/brotli-bin-1.2.0-hb03c661_1.conda#af39b9a8711d4a8d437b52c1d78eb6a1
https://conda.anaconda.org/conda-forge/linux-64/libedit-3.1.20191231-he28a2e2_2.tar.bz2#4d331e44109e3f0e19b4cb8f9b82f3e1
https://conda.anaconda.org/conda-forge/linux-64/libidn2-2.3.8-hfac485b_1.conda#842a81de672ddcf476337c8bde3cad33
https://conda.anaconda.org/conda-forge/linux-64/libnghttp2-1.58.0-h47da74e_1.conda#700ac6ea6d53d5510591c4344d5c989a
https://conda.anaconda.org/conda-forge/linux-64/libopenblas-0.3.32-pthreads_h94d23a6_0.conda#89d61bc91d3f39fda0ca10fcd3c68594
https://conda.anaconda.org/conda-forge/linux-64/libpng-1.6.43-h2797004_0.conda#009981dd9cfcaa4dbfa25ffaed86bcae
https://conda.anaconda.org/conda-forge/linux-64/libssh2-1.11.0-h0841786_0.conda#1f5a58e686b13bcfde88b93f547d23fe
https://conda.anaconda.org/conda-forge/linux-64/perl-5.32.1-7_hd590300_perl5.conda#f2cfec9406850991f4e3d960cc9e3321
https://conda.anaconda.org/conda-forge/linux-64/readline-8.1-h46c0cb4_0.tar.bz2#5788de3c8d7a7d64ac56c784c4ef48e6
https://conda.anaconda.org/conda-forge/linux-64/tk-8.6.13-noxft_h4845f30_101.conda#d453b98d9c83e71da0741bb0ff4d76bc
https://conda.anaconda.org/conda-forge/linux-64/xz-5.8.2-ha02ee65_0.conda#d34b831f6d6a9b014eb7cf65f6329bba
https://conda.anaconda.org/conda-forge/linux-64/zlib-1.2.13-h4ab18f5_6.conda#559d338a4234c2ad6e676f460a093e67
https://conda.anaconda.org/conda-forge/linux-64/zstd-1.5.6-ha6fb4c9_0.conda#4d056880988120e29d75bfff282e0f45
https://conda.anaconda.org/conda-forge/linux-64/brotli-1.2.0-hed03a55_1.conda#8ccf913aaba749a5496c17629d859ed1
https://conda.anaconda.org/bioconda/linux-64/bwa-0.7.17-he4a0461_11.tar.bz2#23832bbbdfb4a2c05e2df120068b1c78
https://conda.anaconda.org/conda-forge/linux-64/freetype-2.12.1-h267a509_2.conda#9ae35c3d96db2c94ce0cef86efdfa2cb
https://conda.anaconda.org/conda-forge/linux-64/krb5-1.21.3-h659f571_0.conda#3f43953b7d3fb3aaa1d0d0723d91e368
https://conda.anaconda.org/conda-forge/linux-64/libblas-3.11.0-6_h4a7cf45_openblas.conda#6d6d225559bfa6e2f3c90ee9c03d4e2e
https://conda.anaconda.org/conda-forge/linux-64/libtiff-4.2.0-hf544144_3.tar.bz2#53798351da909e181243e17dccee41ad
https://conda.anaconda.org/conda-forge/linux-64/sqlite-3.37.0-h9cd32fc_0.tar.bz2#eb66fc098824d25518a79e83d12a81d6
https://conda.anaconda.org/conda-forge/linux-64/wget-1.21.4-hda4d442_0.conda#361e96b664eac64a33c20dfd11affbff
https://conda.anaconda.org/bioconda/linux-64/homer-4.11-pl5262h4ac6f70_9.tar.bz2#781f1f93f38ac7d08d85b869ea7ccfcd
https://conda.anaconda.org/conda-forge/linux-64/lcms2-2.12-hddcbb42_0.tar.bz2#797117394a4aa588de6d741b06fad80f
https://conda.anaconda.org/conda-forge/linux-64/libcblas-3.11.0-6_h0358290_openblas.conda#36ae340a916635b97ac8a0655ace2a35
https://conda.anaconda.org/conda-forge/linux-64/libcurl-8.8.0-hca28451_1.conda#b8afb3e3cb3423cc445cf611ab95fdb0
https://conda.anaconda.org/conda-forge/linux-64/liblapack-3.11.0-6_h47877c9_openblas.conda#881d801569b201c2e753f03c84b85e15
https://conda.anaconda.org/conda-forge/linux-64/openjpeg-2.4.0-hb52868f_1.tar.bz2#b7ad78ad2e9ee155f59e6428406ee824
https://conda.anaconda.org/conda-forge/linux-64/python-3.8.12-hf930737_2_cpython.tar.bz2#be58086221a81cb2c0ba37627d7261f1
https://conda.anaconda.org/conda-forge/linux-64/zeromq-4.3.5-h75354e8_4.conda#03cc8d9838ad9dd0060ab532e81ccb21
https://conda.anaconda.org/conda-forge/noarch/asttokens-3.0.0-pyhd8ed1ab_0.conda#454950e9fa3a0c59880de0ac7a6bc8c4
https://conda.anaconda.org/conda-forge/noarch/attrs-24.2.0-pyh71513ae_0.conda#6732fa52eb8e66e5afeb32db8701a791
https://conda.anaconda.org/conda-forge/noarch/backcall-0.2.0-pyh9f0ad1d_0.tar.bz2#6006a6d08a3fa99268a2681c7fb55213
https://conda.anaconda.org/conda-forge/linux-64/brotli-python-1.0.9-py38hfa26641_8.tar.bz2#a5e46a34b186df210034b44bfa79ce07
https://conda.anaconda.org/conda-forge/noarch/cached_property-1.5.2-pyha770c72_1.tar.bz2#576d629e47797577ab0f1b351297ef4a
https://conda.anaconda.org/conda-forge/noarch/certifi-2024.8.30-pyhd8ed1ab_0.conda#12f7d00853807b0531775e9be891cb11
https://conda.anaconda.org/conda-forge/noarch/charset-normalizer-3.4.0-pyhd8ed1ab_0.conda#a374efa97290b8799046df7c5ca17164
https://conda.anaconda.org/conda-forge/noarch/cycler-0.12.1-pyhd8ed1ab_0.conda#5cd86562580f274031ede6aa6aa24441
https://conda.anaconda.org/conda-forge/noarch/decorator-5.1.1-pyhd8ed1ab_0.tar.bz2#43afe5ab04e35e17ba28649471dd7364
https://conda.anaconda.org/conda-forge/noarch/defusedxml-0.7.1-pyhd8ed1ab_0.tar.bz2#961b3a227b437d82ad7054484cfa71b2
https://conda.anaconda.org/conda-forge/noarch/entrypoints-0.4-pyhd8ed1ab_0.tar.bz2#3cf04868fee0a029769bd41f4b2fbf2d
https://conda.anaconda.org/conda-forge/noarch/exceptiongroup-1.2.2-pyhd8ed1ab_0.conda#d02ae936e42063ca46af6cdad2dbd1e0
https://conda.anaconda.org/conda-forge/noarch/executing-2.1.0-pyhd8ed1ab_0.conda#d0441db20c827c11721889a241df1220
https://conda.anaconda.org/conda-forge/noarch/hpack-4.0.0-pyh9f0ad1d_0.tar.bz2#914d6646c4dbb1fd3ff539830a12fd71
https://conda.anaconda.org/bioconda/linux-64/htslib-1.21-h5efdd21_0.tar.bz2#06b995dc2244c024b45bbb3e53ae2f27
https://conda.anaconda.org/conda-forge/noarch/hyperframe-6.0.1-pyhd8ed1ab_0.tar.bz2#9f765cbfab6870c8435b9eefecd7a1f4
https://conda.anaconda.org/conda-forge/noarch/idna-3.10-pyhd8ed1ab_0.conda#7ba2ede0e7c795ff95088daf0dc59753
https://conda.anaconda.org/conda-forge/noarch/ipython_genutils-0.2.0-pyhd8ed1ab_1.conda#f8ed9f18dce81e4ee55c858cc2f8548a
https://conda.anaconda.org/conda-forge/noarch/json5-0.9.25-pyhd8ed1ab_0.conda#5d8c241a9261e720a34a07a3e1ac4109
https://conda.anaconda.org/conda-forge/linux-64/jsonpointer-3.0.0-py38h578d9bd_0.conda#35f7346da8d31ccef2c97db678b2c390
https://conda.anaconda.org/conda-forge/noarch/jupyterlab_widgets-1.1.11-pyhd8ed1ab_0.conda#05a08b368343304618b6a88425aa851a
https://conda.anaconda.org/conda-forge/linux-64/kiwisolver-1.4.5-py38h7f3f72f_1.conda#b66dcd4f710628fc5563ad56f02ca89b
https://conda.anaconda.org/conda-forge/linux-64/markupsafe-2.1.5-py38h01eb140_0.conda#aeeb09febb02542e020c3ba7084ead01
https://conda.anaconda.org/conda-forge/noarch/mistune-3.0.2-pyhd8ed1ab_0.conda#5cbee699846772cc939bef23a0d524ed
https://conda.anaconda.org/conda-forge/noarch/munkres-1.1.4-pyh9f0ad1d_0.tar.bz2#2ba8498c1018c1e9c61eb99b973dfe19
https://conda.anaconda.org/conda-forge/linux-64/numpy-1.24.4-py38h59b608b_0.conda#8c3e050afeeb2b32575bdb8955cc67b2
https://conda.anaconda.org/conda-forge/noarch/olefile-0.47-pyhd8ed1ab_0.conda#7bee6c667e75ec1765197c25d2d46b94
https://conda.anaconda.org/conda-forge/noarch/packaging-26.0-pyhcf101f3_0.conda#b76541e68fea4d511b1ac46a28dcd2c6
https://conda.anaconda.org/conda-forge/noarch/pandocfilters-1.5.0-pyhd8ed1ab_0.tar.bz2#457c2c8c08e54905d6954e79cb5b5db9
https://conda.anaconda.org/conda-forge/noarch/parso-0.8.4-pyhd8ed1ab_0.conda#81534b420deb77da8833f2289b8d47ac
https://conda.anaconda.org/conda-forge/noarch/pickleshare-0.7.5-py_1003.tar.bz2#415f0ebb6198cc2801c73438a9fb5761
https://conda.anaconda.org/conda-forge/noarch/pkgutil-resolve-name-1.3.10-pyhd8ed1ab_1.conda#405678b942f2481cecdb3e010f4925d9
https://conda.anaconda.org/conda-forge/noarch/platformdirs-4.3.6-pyhd8ed1ab_0.conda#fd8f2b18b65bbf62e8f653100690c8d2
https://conda.anaconda.org/conda-forge/noarch/prometheus_client-0.21.0-pyhd8ed1ab_0.conda#07e9550ddff45150bfc7da146268e165
https://conda.anaconda.org/conda-forge/noarch/ptyprocess-0.7.0-pyhd3deb0d_0.tar.bz2#359eeb6536da0e687af562ed265ec263
https://conda.anaconda.org/conda-forge/noarch/pure_eval-0.2.3-pyhd8ed1ab_0.conda#0f051f09d992e0d08941706ad519ee0e
https://conda.anaconda.org/conda-forge/noarch/pycparser-2.22-pyhd8ed1ab_0.conda#844d9eb3b43095b031874477f7d70088
https://conda.anaconda.org/conda-forge/noarch/pygments-2.18.0-pyhd8ed1ab_0.conda#b7f5c092b8f9800150d998a71b76d5a1
https://conda.anaconda.org/conda-forge/noarch/pyparsing-3.1.4-pyhd8ed1ab_0.conda#4d91352a50949d049cf9714c8563d433
https://conda.anaconda.org/conda-forge/noarch/pysocks-1.7.1-pyha2e5f31_6.tar.bz2#2a7de29fb590ca14b5243c4c812c8025
https://conda.anaconda.org/conda-forge/noarch/python-fastjsonschema-2.20.0-pyhd8ed1ab_0.conda#b98d2018c01ce9980c03ee2850690fab
https://conda.anaconda.org/conda-forge/noarch/python-json-logger-2.0.7-pyhd8ed1ab_0.conda#a61bf9ec79426938ff785eb69dbb1960
https://conda.anaconda.org/conda-forge/noarch/pytz-2024.2-pyhd8ed1ab_0.conda#260009d03c9d5c0f111904d851f053dc
https://conda.anaconda.org/conda-forge/linux-64/pyyaml-6.0.2-py38h2019614_0.conda#47a3b59acbb1626316500e178e25b944
https://conda.anaconda.org/conda-forge/linux-64/pyzmq-26.2.0-py38h6c80b9a_0.conda#d16a4460421bc385dfb20dba5314bd29
https://conda.anaconda.org/conda-forge/noarch/rfc3986-validator-0.1.1-pyh9f0ad1d_0.tar.bz2#912a71cc01012ee38e6b90ddd561e36f
https://conda.anaconda.org/conda-forge/linux-64/rpds-py-0.20.0-py38h4005ec7_0.conda#e18d1fb2fddcc693a91d7dc326916b2b
https://conda.anaconda.org/conda-forge/noarch/send2trash-1.8.3-pyh0d859eb_0.conda#778594b20097b5a948c59e50ae42482a
https://conda.anaconda.org/conda-forge/noarch/setuptools-75.3.0-pyhd8ed1ab_0.conda#2ce9825396daf72baabaade36cee16da
https://conda.anaconda.org/conda-forge/noarch/six-1.16.0-pyh6c4a22f_0.tar.bz2#e5f25f8dbc060e9a8d912e432202afc2
https://conda.anaconda.org/conda-forge/noarch/sniffio-1.3.1-pyhd8ed1ab_0.conda#490730480d76cf9c8f8f2849719c6e2b
https://conda.anaconda.org/conda-forge/noarch/soupsieve-2.6-pyhd8ed1ab_0.conda#cbee5eb469aa483fee70f6a1b4e955dd
https://conda.anaconda.org/conda-forge/noarch/spectate-1.0.1-pyhd8ed1ab_0.tar.bz2#33e8cb574899a6790ace9692e9de22d6
https://conda.anaconda.org/conda-forge/noarch/tomli-2.0.2-pyhd8ed1ab_0.conda#e977934e00b355ff55ed154904044727
https://conda.anaconda.org/conda-forge/linux-64/tornado-6.4.1-py38hfb59056_0.conda#ca6a0889b55d598c8fe154005cee15ef
https://conda.anaconda.org/conda-forge/noarch/traitlets-5.14.3-pyhd8ed1ab_0.conda#3df84416a021220d8b5700c613af2dc5
https://conda.anaconda.org/conda-forge/noarch/types-python-dateutil-2.9.0.20241003-pyhff2d567_0.conda#3d326f8a2aa2d14d51d8c513426b5def
https://conda.anaconda.org/conda-forge/noarch/typing_extensions-4.12.2-pyha770c72_0.conda#ebe6952715e1d5eb567eeebf25250fa7
https://conda.anaconda.org/conda-forge/noarch/typing_utils-0.1.0-pyhd8ed1ab_0.tar.bz2#eb67e3cace64c66233e2d35949e20f92
https://conda.anaconda.org/conda-forge/linux-64/unicodedata2-15.1.0-py38h01eb140_0.conda#d28c162f670f8dc3a89e246573ae96c9
https://conda.anaconda.org/conda-forge/noarch/uri-template-1.3.0-pyhd8ed1ab_0.conda#0944dc65cb4a9b5b68522c3bb585d41c
https://conda.anaconda.org/conda-forge/noarch/wcwidth-0.2.13-pyhd8ed1ab_0.conda#68f0738df502a14213624b288c60c9ad
https://conda.anaconda.org/conda-forge/noarch/webcolors-24.8.0-pyhd8ed1ab_0.conda#eb48b812eb4fbb9ff238a6651fdbbcae
https://conda.anaconda.org/conda-forge/noarch/webencodings-0.5.1-pyhd8ed1ab_2.conda#daf5160ff9cde3a468556965329085b9
https://conda.anaconda.org/conda-forge/noarch/websocket-client-1.8.0-pyhd8ed1ab_0.conda#f372c576b8774922da83cda2b12f9d29
https://conda.anaconda.org/conda-forge/noarch/wheel-0.45.1-pyhd8ed1ab_0.conda#bdb2f437ce62fd2f1fef9119a37a12d9
https://conda.anaconda.org/conda-forge/noarch/zipp-3.21.0-pyhd8ed1ab_0.conda#fee389bf8a4843bd7a2248ce11b7f188
https://conda.anaconda.org/conda-forge/noarch/anyio-4.5.0-pyhd8ed1ab_0.conda#c720e5c85c349c5cbc99d9dfc4b200f8
https://conda.anaconda.org/conda-forge/noarch/async-lru-2.0.4-pyhd8ed1ab_0.conda#3d081de3a6ea9f894bbb585e8e3a4dcb
https://conda.anaconda.org/conda-forge/noarch/babel-2.16.0-pyhd8ed1ab_0.conda#6d4e9ecca8d88977147e109fc7053184
https://conda.anaconda.org/conda-forge/noarch/beautifulsoup4-4.12.3-pyha770c72_0.conda#332493000404d8411859539a5a630865
https://conda.anaconda.org/conda-forge/noarch/bleach-6.1.0-pyhd8ed1ab_0.conda#0ed9d7c0e9afa7c025807a9a8136ea3e
https://conda.anaconda.org/conda-forge/noarch/cached-property-1.5.2-hd8ed1ab_1.tar.bz2#9b347a7ec10940d3f7941ff6c460b551
https://conda.anaconda.org/conda-forge/linux-64/cffi-1.17.0-py38heb5c249_0.conda#b41a6ee3a5b044185b5f46aaf6082388
https://conda.anaconda.org/conda-forge/noarch/comm-0.2.2-pyhd8ed1ab_0.conda#948d84721b578d426294e17a02e24cbb
https://conda.anaconda.org/conda-forge/linux-64/contourpy-1.1.1-py38h7f3f72f_1.conda#18ae206b2d413e5cc8d2bb8ab48aa165
https://conda.anaconda.org/conda-forge/linux-64/fonttools-4.53.1-py38h2019614_0.conda#ab278a88d5031ff24b684d5a01f8b046
https://conda.anaconda.org/conda-forge/noarch/h11-0.14.0-pyhd8ed1ab_0.tar.bz2#b21ed0883505ba1910994f1df031a428
https://conda.anaconda.org/conda-forge/noarch/h2-4.1.0-pyhd8ed1ab_0.tar.bz2#b748fbf7060927a6e82df7cb5ee8f097
https://conda.anaconda.org/conda-forge/noarch/importlib-metadata-8.5.0-pyha770c72_0.conda#54198435fce4d64d8a89af22573012a8
https://conda.anaconda.org/conda-forge/noarch/importlib_resources-6.4.5-pyhd8ed1ab_0.conda#c808991d29b9838fb4d96ce8267ec9ec
https://conda.anaconda.org/conda-forge/noarch/jedi-0.19.1-pyhd8ed1ab_0.conda#81a3be0b2023e1ea8555781f0ad904a2
https://conda.anaconda.org/conda-forge/noarch/jinja2-3.1.4-pyhd8ed1ab_0.conda#7b86ecb7d3557821c649b3c31e3eb9f2
https://conda.anaconda.org/conda-forge/noarch/jupyter_core-5.8.1-pyh31011fe_0.conda#b7d89d860ebcda28a5303526cdee68ab
https://conda.anaconda.org/conda-forge/noarch/jupyterlab_pygments-0.3.0-pyhd8ed1ab_1.conda#afcd1b53bcac8844540358e33f33d28f
https://conda.anaconda.org/conda-forge/noarch/matplotlib-inline-0.1.7-pyhd8ed1ab_0.conda#779345c95648be40d22aaa89de7d4254
https://conda.anaconda.org/conda-forge/noarch/overrides-7.7.0-pyhd8ed1ab_0.conda#24fba5a9d161ad8103d4e84c0e1a3ed4
https://conda.anaconda.org/conda-forge/noarch/pexpect-4.9.0-pyhd8ed1ab_0.conda#629f3203c99b32e0988910c93e77f3b6
https://conda.anaconda.org/conda-forge/linux-64/pillow-8.2.0-py38ha0e1e83_1.tar.bz2#46a555b3ce021469f7f62d72fe6ebb4b
https://conda.anaconda.org/conda-forge/noarch/pip-24.3.1-pyh8b19718_0.conda#5dd546fe99b44fda83963d15f84263b7
https://conda.anaconda.org/conda-forge/noarch/prompt-toolkit-3.0.48-pyha770c72_0.conda#4c05134c48b6a74f33bbb9938e4a115e
https://conda.anaconda.org/conda-forge/noarch/python-dateutil-2.9.0-pyhd8ed1ab_0.conda#2cf4264fffb9e6eff6031c5b6884d61c
https://conda.anaconda.org/conda-forge/noarch/referencing-0.35.1-pyhd8ed1ab_0.conda#0fc8b52192a8898627c3efae1003e9f6
https://conda.anaconda.org/conda-forge/noarch/rfc3339-validator-0.1.4-pyhd8ed1ab_0.tar.bz2#fed45fc5ea0813240707998abe49f520
https://conda.anaconda.org/bioconda/linux-64/samtools-1.11-h6270b1f_0.tar.bz2#185503bd7a14eadbc088a301784b22d1
https://conda.anaconda.org/conda-forge/noarch/stack_data-0.6.2-pyhd8ed1ab_0.conda#e7df0fdd404616638df5ece6e69ba7af
https://conda.anaconda.org/conda-forge/noarch/terminado-0.18.1-pyh0d859eb_0.conda#efba281bbdae5f6b0a1d53c6d4a97c93
https://conda.anaconda.org/conda-forge/noarch/tinycss2-1.4.0-pyhd8ed1ab_0.conda#f1acf5fdefa8300de697982bcb1761c9
https://conda.anaconda.org/conda-forge/noarch/traittypes-0.2.1-pyh9f0ad1d_2.tar.bz2#7d32ccb5334a6822c28af3e864550618
https://conda.anaconda.org/conda-forge/noarch/typing-extensions-4.12.2-hd8ed1ab_0.conda#52d648bd608f5737b123f510bb5514b5
https://conda.anaconda.org/conda-forge/linux-64/argon2-cffi-bindings-21.2.0-py38h01eb140_4.conda#234c813c9d745d4bfc6a2a40514d88a6
https://conda.anaconda.org/conda-forge/noarch/arrow-1.3.0-pyhd8ed1ab_0.conda#b77d8c2313158e6e461ca0efb1c2c508
https://conda.anaconda.org/conda-forge/noarch/fqdn-1.5.1-pyhd8ed1ab_0.tar.bz2#642d35437078749ef23a5dca2c9bb1f3
https://conda.anaconda.org/conda-forge/noarch/httpcore-1.0.7-pyh29332c3_1.conda#2ca8e6dbc86525c8b95e3c0ffa26442e
https://conda.anaconda.org/conda-forge/noarch/importlib_metadata-8.5.0-hd8ed1ab_1.conda#c70dd0718dbccdcc6d5828de3e71399d
https://conda.anaconda.org/conda-forge/noarch/jsonschema-specifications-2024.10.1-pyhd8ed1ab_0.conda#720745920222587ef942acfbc578b584
https://conda.anaconda.org/conda-forge/noarch/jupyter_client-8.6.3-pyhd8ed1ab_0.conda#a14218cfb29662b4a19ceb04e93e298e
https://conda.anaconda.org/conda-forge/noarch/jupyter_server_terminals-0.5.3-pyhd8ed1ab_0.conda#219b3833aa8ed91d47d1be6ca03f30be
https://conda.anaconda.org/conda-forge/linux-64/matplotlib-base-3.6.2-py38hb021067_0.tar.bz2#72422499195d8aded0dfd461c6e3e86f
https://conda.anaconda.org/conda-forge/linux-64/pandas-1.5.2-py38hdc8b05c_2.conda#1ff5d955870414f6883211edfe0bbf10
https://conda.anaconda.org/conda-forge/noarch/prompt_toolkit-3.0.48-hd8ed1ab_1.conda#bf730bb1f201e3f5a961c1fb2ffc4f05
https://conda.anaconda.org/conda-forge/linux-64/zstandard-0.23.0-py38h62bed22_0.conda#7cdf6cb1dcfbaf868ff42b15189f7e59
https://conda.anaconda.org/conda-forge/noarch/argon2-cffi-23.1.0-pyhd8ed1ab_0.conda#3afef1f55a1366b4d3b6a0d92e2235e4
https://conda.anaconda.org/conda-forge/noarch/httpx-0.27.2-pyhd8ed1ab_0.conda#7e9ac3faeebdbd7b53b462c41891e7f7
https://conda.anaconda.org/conda-forge/noarch/ipython-8.12.2-pyh41d4057_0.conda#acebfd89278ecac2a67b60b657e00d5c
https://conda.anaconda.org/conda-forge/noarch/isoduration-20.11.0-pyhd8ed1ab_0.tar.bz2#4cb68948e0b8429534380243d063a27a
https://conda.anaconda.org/conda-forge/noarch/jsonschema-4.23.0-pyhd8ed1ab_0.conda#da304c192ad59975202859b367d0f6a2
https://conda.anaconda.org/conda-forge/noarch/urllib3-2.2.3-pyhd8ed1ab_0.conda#6b55867f385dd762ed99ea687af32a69
https://conda.anaconda.org/conda-forge/linux-64/ipykernel-5.5.0-py38h81c977d_1.tar.bz2#323361acb699c5618085748fb7c34b12
https://conda.anaconda.org/conda-forge/noarch/jsonschema-with-format-nongpl-4.23.0-hd8ed1ab_1.conda#a5b1a8065857cc4bd8b7a38d063bb728
https://conda.anaconda.org/conda-forge/noarch/nbformat-5.10.4-pyhd8ed1ab_0.conda#0b57b5368ab7fc7cdc9e3511fa867214
https://conda.anaconda.org/conda-forge/noarch/requests-2.32.3-pyhd8ed1ab_0.conda#5ede4753180c7a550a443c430dc8ab52
https://conda.anaconda.org/conda-forge/noarch/jupyter_events-0.10.0-pyhd8ed1ab_0.conda#ed45423c41b3da15ea1df39b1f80c2ca
https://conda.anaconda.org/conda-forge/noarch/nbclient-0.10.4-pyhd8ed1ab_0.conda#00f5b8dafa842e0c27c1cd7296aa4875
https://conda.anaconda.org/conda-forge/noarch/nbconvert-core-7.16.4-pyhff2d567_2.conda#0457fdf55c88e52e0e7b63691eafcc48
https://conda.anaconda.org/conda-forge/noarch/jupyter_server-2.14.2-pyhd8ed1ab_0.conda#ca23c71f70a7c7935b3d03f0f1a5801d
https://conda.anaconda.org/conda-forge/noarch/jupyter-lsp-2.2.5-pyhd8ed1ab_0.conda#885867f6adab3d7ecdf8ab6ca0785f51
https://conda.anaconda.org/conda-forge/noarch/jupyterlab_server-2.27.3-pyhd8ed1ab_0.conda#af8239bf1ba7e8c69b689f780f653488
https://conda.anaconda.org/conda-forge/noarch/notebook-shim-0.2.4-pyhd8ed1ab_0.conda#3d85618e2c97ab896b5b5e298d32b5b3
https://conda.anaconda.org/conda-forge/noarch/jupyterlab-4.1.5-pyhd8ed1ab_0.conda#04b1ca9d7ac414b3f5c3fb16066c6861
https://conda.anaconda.org/conda-forge/noarch/notebook-7.1.3-pyhd8ed1ab_0.conda#a4b1e12d54210fa80f3eb3fc270f2480
https://conda.anaconda.org/conda-forge/noarch/widgetsnbextension-3.6.10-pyhd8ed1ab_0.conda#4d52bbdb661dc1b5a1c2aeb1afcd9a67
https://conda.anaconda.org/conda-forge/noarch/ipywidgets-7.8.5-pyhd8ed1ab_0.conda#47672c493015ab57d5fcde9531ab18ef
https://conda.anaconda.org/conda-forge/noarch/ipyigv-0.1.9-pyhe74cb21_0.tar.bz2#87cae08cb699d1ef33492fa680373642
