# Generated by conda-lock.
# platform: linux-64
# input_hash: d926ffe3f748d36ff31a33d270455d5f25ae610fb2e37c001b604319bdc6a19a
@EXPLICIT
https://conda.anaconda.org/conda-forge/noarch/font-ttf-dejavu-sans-mono-2.37-hab24e00_0.tar.bz2#0c96522c6bdaed4b1566d11387caaf45
https://conda.anaconda.org/conda-forge/noarch/font-ttf-inconsolata-3.000-h77eed37_0.tar.bz2#34893075a5c9e55cdafac56607368fc6
https://conda.anaconda.org/conda-forge/noarch/font-ttf-source-code-pro-2.038-h77eed37_0.tar.bz2#4d59c254e01d9cde7957100457e2d5fb
https://conda.anaconda.org/conda-forge/noarch/font-ttf-ubuntu-0.83-h77eed37_3.conda#49023d73832ef61042f6a237cb2687e7
https://conda.anaconda.org/conda-forge/noarch/nomkl-1.0-h5ca1d4c_0.tar.bz2#9a66894dfd07c4510beb6b3f9672ccc0
https://conda.anaconda.org/conda-forge/noarch/python_abi-3.8-8_cp38.conda#4f7b6e3de4f15cc44e0f93b39f07205d
https://conda.anaconda.org/conda-forge/noarch/ca-certificates-2026.2.25-hbd8a1cb_0.conda#4492fd26db29495f0ba23f146cd5638d
https://conda.anaconda.org/conda-forge/noarch/fonts-conda-forge-1-hc364b38_1.conda#a7970cd949a077b7cb9696379d338681
https://conda.anaconda.org/conda-forge/linux-64/ld_impl_linux-64-2.45.1-bootstrap_ha15bf96_2.conda#bafc61899c34054d1f5e7cd85a2f81e9
https://conda.anaconda.org/conda-forge/linux-64/libgomp-15.2.0-he0feb66_18.conda#239c5e9546c38a1e884d69effcf4c882
https://conda.anaconda.org/conda-forge/linux-64/_openmp_mutex-4.5-20_gnu.conda#a9f577daf3de00bca7c3c76c0ecbd1de
https://conda.anaconda.org/conda-forge/noarch/fonts-conda-ecosystem-1-0.tar.bz2#fee5683a3f04bd15cbd8318b096a27ab
https://conda.anaconda.org/conda-forge/linux-64/libgcc-15.2.0-he0feb66_18.conda#0aa00f03f9e39fb9876085dee11a85d4
https://conda.anaconda.org/conda-forge/linux-64/alsa-lib-1.2.15.3-hb03c661_0.conda#dcdc58c15961dbf17a0621312b01f5cb
https://conda.anaconda.org/conda-forge/linux-64/bzip2-1.0.8-hda65f42_9.conda#d2ffd7602c02f2b316fd921d39876885
https://conda.anaconda.org/conda-forge/linux-64/c-ares-1.34.6-hb03c661_0.conda#920bb03579f15389b9e512095ad995b7
https://conda.anaconda.org/conda-forge/linux-64/keyutils-1.6.3-hb9d3cd8_0.conda#b38117a3c920364aff79f870c984b4a3
https://conda.anaconda.org/conda-forge/linux-64/libbrotlicommon-1.2.0-hb03c661_1.conda#72c8fd1af66bd67bf580645b426513ed
https://conda.anaconda.org/conda-forge/linux-64/libcap-2.77-hd0affe5_1.conda#499cd8e2d4358986dbe3b30e8fe1bf6a
https://conda.anaconda.org/conda-forge/linux-64/libexpat-2.7.5-hecca717_0.conda#49f570f3bc4c874a06ea69b7225753af
https://conda.anaconda.org/conda-forge/linux-64/libffi-3.5.2-h3435931_0.conda#a360c33a5abe61c07959e449fa1453eb
https://conda.anaconda.org/conda-forge/linux-64/libgcc-ng-15.2.0-h69a702a_18.conda#d5e96b1ed75ca01906b3d2469b4ce493
https://conda.anaconda.org/conda-forge/linux-64/libgfortran5-15.2.0-h68bc16d_18.conda#646855f357199a12f02a87382d429b75
https://conda.anaconda.org/conda-forge/linux-64/libiconv-1.18-h3b78370_2.conda#915f5995e94f60e9a4826e0b0920ee88
https://conda.anaconda.org/conda-forge/linux-64/libjpeg-turbo-3.1.2-hb03c661_0.conda#8397539e3a0bbd1695584fb4f927485a
https://conda.anaconda.org/conda-forge/linux-64/liblzma-5.8.2-hb03c661_0.conda#c7c83eecbb72d88b940c249af56c8b17
https://conda.anaconda.org/conda-forge/linux-64/libnsl-2.0.1-hb9d3cd8_1.conda#d864d34357c3b65a4b731f78c0801dc4
https://conda.anaconda.org/conda-forge/linux-64/libogg-1.3.5-hd0c01bc_1.conda#68e52064ed3897463c0e958ab5c8f91b
https://conda.anaconda.org/conda-forge/linux-64/libopus-1.6.1-h280c20c_0.conda#2446ac1fe030c2aa6141386c1f5a6aed
https://conda.anaconda.org/conda-forge/linux-64/libstdcxx-15.2.0-h934c35e_18.conda#1b08cd684f34175e4514474793d44bcb
https://conda.anaconda.org/conda-forge/linux-64/libuuid-2.42-h5347b49_0.conda#38ffe67b78c9d4de527be8315e5ada2c
https://conda.anaconda.org/conda-forge/linux-64/libwebp-base-1.6.0-hd42ef1d_0.conda#aea31d2e5b1091feca96fcfe945c3cf9
https://conda.anaconda.org/conda-forge/linux-64/lzo-2.10-h280c20c_1002.conda#45161d96307e3a447cc3eb5896cf6f8c
https://conda.anaconda.org/conda-forge/linux-64/ncurses-6.5-h2d0b736_3.conda#47e340acb35de30501a76c7c799c41d7
https://conda.anaconda.org/conda-forge/linux-64/openssl-3.6.1-h35e630c_1.conda#f61eb8cd60ff9057122a3d338b99c00f
https://conda.anaconda.org/conda-forge/linux-64/pthread-stubs-0.4-hb9d3cd8_1002.conda#b3c17d95b5a10c6e64a21fa17573e70e
https://conda.anaconda.org/conda-forge/linux-64/xorg-kbproto-1.0.7-hb9d3cd8_1003.conda#e87bfacb110d85e1eb6099c9ed8e7236
https://conda.anaconda.org/conda-forge/linux-64/xorg-libice-1.1.2-hb9d3cd8_0.conda#fb901ff28063514abb6046c9ec2c4a45
https://conda.anaconda.org/conda-forge/linux-64/xorg-libxau-1.0.12-hb03c661_1.conda#b2895afaf55bf96a8c8282a2e47a5de0
https://conda.anaconda.org/conda-forge/linux-64/xorg-libxdmcp-1.1.5-hb03c661_1.conda#1dafce8548e38671bea82e3f5c6ce22f
https://conda.anaconda.org/conda-forge/linux-64/xorg-renderproto-0.11.1-hb9d3cd8_1003.conda#bf90782559bce8447609933a7d45995a
https://conda.anaconda.org/conda-forge/linux-64/xorg-xextproto-7.3.0-hb9d3cd8_1004.conda#bc4cd53a083b6720d61a1519a1900878
https://conda.anaconda.org/conda-forge/linux-64/xorg-xf86vidmodeproto-2.3.1-hb9d3cd8_1005.conda#1c08f67e3406550eef135e17263f8154
https://conda.anaconda.org/conda-forge/linux-64/xorg-xproto-7.0.31-hb9d3cd8_1008.conda#a63f5b66876bb1ec734ab4bdc4d11e86
https://conda.anaconda.org/conda-forge/linux-64/yaml-0.2.5-h280c20c_3.conda#a77f85f77be52ff59391544bfe73390a
https://conda.anaconda.org/conda-forge/linux-64/expat-2.7.5-hecca717_0.conda#7de50d165039df32d38be74c1b34a910
https://conda.anaconda.org/conda-forge/linux-64/graphite2-1.3.14-hecca717_2.conda#2cd94587f3a401ae05e03a6caf09539d
https://conda.anaconda.org/conda-forge/linux-64/lame-3.100-h166bdaf_1003.tar.bz2#a8832b479f93521a9e7b5b743803be51
https://conda.anaconda.org/conda-forge/linux-64/lerc-4.1.0-hdb68285_0.conda#a752488c68f2e7c456bcbd8f16eec275
https://conda.anaconda.org/conda-forge/linux-64/libaec-1.1.5-h088129d_0.conda#86f7414544ae606282352fa1e116b41f
https://conda.anaconda.org/conda-forge/linux-64/libbrotlidec-1.2.0-hb03c661_1.conda#366b40a69f0ad6072561c1d09301c886
https://conda.anaconda.org/conda-forge/linux-64/libbrotlienc-1.2.0-hb03c661_1.conda#4ffbb341c8b616aa2494b6afb26a0c5f
https://conda.anaconda.org/conda-forge/linux-64/libdeflate-1.20-hd590300_0.conda#8e88f9389f1165d7c0936fe40d9a9a79
https://conda.anaconda.org/conda-forge/linux-64/libedit-3.1.20250104-pl5321h7949ede_0.conda#c277e0a4d549b03ac1e9d6cbbe3d017b
https://conda.anaconda.org/conda-forge/linux-64/libev-4.33-hd590300_2.conda#172bf1cd1ff8629f2b1179945ed45055
https://conda.anaconda.org/conda-forge/linux-64/libevent-2.1.12-hf998b51_1.conda#a1cfcc585f0c42bf8d5546bb1dfb668d
https://conda.anaconda.org/conda-forge/linux-64/libflac-1.5.0-he200343_1.conda#47595b9d53054907a00d95e4d47af1d6
https://conda.anaconda.org/conda-forge/linux-64/libgfortran-15.2.0-h69a702a_18.conda#9063115da5bc35fdc3e1002e69b9ef6e
https://conda.anaconda.org/conda-forge/linux-64/liblzma-devel-5.8.2-hb03c661_0.conda#de60549ba9d8921dff3afa4b179e2a4b
https://conda.anaconda.org/conda-forge/linux-64/libsodium-1.0.18-h36c2ea0_1.tar.bz2#c3788462a6fbddafdb413a9f9053e58d
https://conda.anaconda.org/conda-forge/linux-64/libstdcxx-ng-15.2.0-hdf11a46_18.conda#6235adb93d064ecdf3d44faee6f468de
https://conda.anaconda.org/conda-forge/linux-64/libsystemd0-257.13-hd0affe5_0.conda#8ee3cb7f64be0e8c4787f3a4dbe024e6
https://conda.anaconda.org/conda-forge/linux-64/libvorbis-1.3.7-h54a6638_2.conda#b4ecbefe517ed0157c37f8182768271c
https://conda.anaconda.org/conda-forge/linux-64/libxcb-1.15-h0b41bf4_0.conda#33277193f5b92bad9fdd230eb700929c
https://conda.anaconda.org/conda-forge/linux-64/libxcrypt-4.4.36-hd590300_1.conda#5aa797f8787fe7a17d1b0821485b5adc
https://conda.anaconda.org/conda-forge/linux-64/libzlib-1.2.13-h4ab18f5_6.conda#27329162c0dc732bcf67a4e0cd488125
https://conda.anaconda.org/conda-forge/linux-64/mpg123-1.32.9-hc50e24c_0.conda#c7f302fd11eeb0987a6a5e1f3aed6a21
https://conda.anaconda.org/conda-forge/linux-64/nspr-4.38-h29cc59b_0.conda#e235d5566c9cc8970eb2798dd4ecf62f
https://conda.anaconda.org/conda-forge/linux-64/pixman-0.46.4-h54a6638_1.conda#c01af13bdc553d1a8fbfff6e8db075f0
https://conda.anaconda.org/conda-forge/linux-64/readline-8.3-h853b02a_0.conda#d7d95fc8287ea7bf33e0e7116d2b95ec
https://conda.anaconda.org/conda-forge/linux-64/snappy-1.2.2-h03e3b7b_1.conda#98b6c9dc80eb87b2519b97bcf7e578dd
https://conda.anaconda.org/conda-forge/linux-64/xorg-libsm-1.2.6-he73a12e_0.conda#1c74ff8c35dcadf952a16f752ca5aa49
https://conda.anaconda.org/conda-forge/linux-64/xz-gpl-tools-5.8.2-ha02ee65_0.conda#a159fe1e8200dd67fa88ddea9169d25a
https://conda.anaconda.org/conda-forge/linux-64/xz-tools-5.8.2-hb03c661_0.conda#dfd6129671f782988d665354e7aa269d
https://conda.anaconda.org/conda-forge/linux-64/brotli-bin-1.2.0-hb03c661_1.conda#af39b9a8711d4a8d437b52c1d78eb6a1
https://conda.anaconda.org/conda-forge/linux-64/gmp-6.3.0-hac33072_2.conda#c94a5994ef49749880a8139cf9afcbe1
https://conda.anaconda.org/conda-forge/linux-64/icu-73.2-h59595ed_0.conda#cc47e1facc155f91abd89b11e48e72ff
https://conda.anaconda.org/conda-forge/linux-64/krb5-1.21.3-h659f571_0.conda#3f43953b7d3fb3aaa1d0d0723d91e368
https://conda.anaconda.org/conda-forge/linux-64/libgfortran-ng-15.2.0-h69a702a_18.conda#26d7b228de99d6fb032ba4d5c1679040
https://conda.anaconda.org/conda-forge/linux-64/libllvm11-11.1.0-he0ac6c6_5.tar.bz2#cae79c6fd61cc6823cbebdbb2c16c60e
https://conda.anaconda.org/conda-forge/linux-64/libnghttp2-1.58.0-h47da74e_1.conda#700ac6ea6d53d5510591c4344d5c989a
https://conda.anaconda.org/conda-forge/linux-64/libpng-1.6.43-h2797004_0.conda#009981dd9cfcaa4dbfa25ffaed86bcae
https://conda.anaconda.org/conda-forge/linux-64/libsndfile-1.2.2-hc7d488a_2.conda#067590f061c9f6ea7e61e3b2112ed6b3
https://conda.anaconda.org/conda-forge/linux-64/libsqlite-3.46.0-hde9e2c9_0.conda#18aa975d2094c34aef978060ae7da7d8
https://conda.anaconda.org/conda-forge/linux-64/libssh2-1.11.0-h0841786_0.conda#1f5a58e686b13bcfde88b93f547d23fe
https://conda.anaconda.org/conda-forge/linux-64/lz4-c-1.9.4-hcb278e6_0.conda#318b08df404f9c9be5712aaa5a6f0bb0
https://conda.anaconda.org/conda-forge/linux-64/mysql-common-8.3.0-hf1915f5_4.conda#784a4df6676c581ca624fbe460703a6d
https://conda.anaconda.org/conda-forge/linux-64/pcre2-10.43-hcad00b1_0.conda#8292dea9e022d9610a11fce5e0896ed8
https://conda.anaconda.org/conda-forge/linux-64/tk-8.6.13-noxft_h4845f30_101.conda#d453b98d9c83e71da0741bb0ff4d76bc
https://conda.anaconda.org/conda-forge/linux-64/xcb-util-0.4.0-hd590300_1.conda#9bfac7ccd94d54fd21a0501296d60424
https://conda.anaconda.org/conda-forge/linux-64/xcb-util-keysyms-0.4.0-h8ee46fc_1.conda#632413adcd8bc16b515cab87a2932913
https://conda.anaconda.org/conda-forge/linux-64/xcb-util-renderutil-0.3.9-hd590300_1.conda#e995b155d938b6779da6ace6c6b13816
https://conda.anaconda.org/conda-forge/linux-64/xcb-util-wm-0.4.1-h8ee46fc_1.conda#90108a432fb5c6150ccfee3f03388656
https://conda.anaconda.org/conda-forge/linux-64/xorg-libx11-1.8.9-h8ee46fc_0.conda#077b6e8ad6a3ddb741fce2496dd01bec
https://conda.anaconda.org/conda-forge/linux-64/xz-5.8.2-ha02ee65_0.conda#d34b831f6d6a9b014eb7cf65f6329bba
https://conda.anaconda.org/conda-forge/linux-64/zlib-1.2.13-h4ab18f5_6.conda#559d338a4234c2ad6e676f460a093e67
https://conda.anaconda.org/conda-forge/linux-64/zstd-1.5.6-ha6fb4c9_0.conda#4d056880988120e29d75bfff282e0f45
https://conda.anaconda.org/conda-forge/linux-64/blosc-1.21.5-hc2324a3_1.conda#11d76bee958b1989bd1ac6ee7372ea6d
https://conda.anaconda.org/conda-forge/linux-64/brotli-1.2.0-hed03a55_1.conda#8ccf913aaba749a5496c17629d859ed1
https://conda.anaconda.org/conda-forge/linux-64/freetype-2.12.1-h267a509_2.conda#9ae35c3d96db2c94ce0cef86efdfa2cb
https://conda.anaconda.org/conda-forge/linux-64/glpk-5.0-h445213a_0.tar.bz2#efc4b0c33bdf47312ad5a8a0587fa653
https://conda.anaconda.org/conda-forge/linux-64/libcups-2.3.3-h4637d8d_4.conda#d4529f4dff3057982a7617c7ac58fde3
https://conda.anaconda.org/conda-forge/linux-64/libcurl-8.8.0-hca28451_1.conda#b8afb3e3cb3423cc445cf611ab95fdb0
https://conda.anaconda.org/conda-forge/linux-64/libglib-2.80.2-hf974151_0.conda#72724f6a78ecb15559396966226d5838
https://conda.anaconda.org/conda-forge/linux-64/libopenblas-0.3.25-pthreads_h413a1c8_0.conda#d172b34a443b95f86089e8229ddc9a17
https://conda.anaconda.org/conda-forge/linux-64/libpq-16.12-hc183893_0.conda#b5fd3629c2b84ad66f4df615279ddb90
https://conda.anaconda.org/conda-forge/linux-64/libtiff-4.6.0-h1dd3fc0_3.conda#66f03896ffbe1a110ffda05c7a856504
https://conda.anaconda.org/conda-forge/linux-64/libxml2-2.12.7-hc051c1a_1.conda#340278ded8b0dc3a73f3660bbb0adbc6
https://conda.anaconda.org/conda-forge/linux-64/mysql-libs-8.3.0-hca2cd23_4.conda#1b50eebe2a738a3146c154d2eceaa8b6
https://conda.anaconda.org/conda-forge/linux-64/nss-3.100-hca3bf56_0.conda#949c4a82290ee58b3c970cef4bcfd4ad
https://conda.anaconda.org/conda-forge/linux-64/python-3.8.19-hd12c33a_0_cpython.conda#53aabe8cf596487ec6f1ce319c93a741
https://conda.anaconda.org/conda-forge/linux-64/xcb-util-image-0.4.0-h8ee46fc_1.conda#9d7bcddf49cbf727730af10e71022c73
https://conda.anaconda.org/conda-forge/linux-64/xkeyboard-config-2.42-h4ab18f5_0.conda#b193af204da1bfb8c13882d131a14bd2
https://conda.anaconda.org/conda-forge/linux-64/xorg-libxext-1.3.4-h0b41bf4_2.conda#82b6df12252e6f32402b96dacc656fec
https://conda.anaconda.org/conda-forge/linux-64/xorg-libxrender-0.9.11-hd590300_0.conda#ed67c36f215b310412b2af935bf3e530
https://conda.anaconda.org/conda-forge/linux-64/zeromq-4.3.5-h75354e8_4.conda#03cc8d9838ad9dd0060ab532e81ccb21
https://conda.anaconda.org/conda-forge/noarch/asttokens-3.0.0-pyhd8ed1ab_0.conda#454950e9fa3a0c59880de0ac7a6bc8c4
https://conda.anaconda.org/conda-forge/noarch/backcall-0.2.0-pyh9f0ad1d_0.tar.bz2#6006a6d08a3fa99268a2681c7fb55213
https://conda.anaconda.org/conda-forge/linux-64/brotli-python-1.0.9-py38hfa26641_8.tar.bz2#a5e46a34b186df210034b44bfa79ce07
https://conda.anaconda.org/conda-forge/noarch/cached_property-1.5.2-pyha770c72_1.tar.bz2#576d629e47797577ab0f1b351297ef4a
https://conda.anaconda.org/conda-forge/noarch/certifi-2024.8.30-pyhd8ed1ab_0.conda#12f7d00853807b0531775e9be891cb11
https://conda.anaconda.org/conda-forge/noarch/charset-normalizer-3.4.0-pyhd8ed1ab_0.conda#a374efa97290b8799046df7c5ca17164
https://conda.anaconda.org/conda-forge/noarch/click-8.1.7-unix_pyh707e725_0.conda#f3ad426304898027fc619827ff428eca
https://conda.anaconda.org/conda-forge/noarch/cloudpickle-3.1.0-pyhd8ed1ab_1.conda#c88ca2bb7099167912e3b26463fff079
https://conda.anaconda.org/conda-forge/noarch/colorama-0.4.6-pyhd8ed1ab_0.tar.bz2#3faab06a954c2a04039983f2c4a50d99
https://conda.anaconda.org/conda-forge/noarch/cycler-0.12.1-pyhd8ed1ab_0.conda#5cd86562580f274031ede6aa6aa24441
https://conda.anaconda.org/conda-forge/linux-64/dbus-1.13.6-h5008d03_3.tar.bz2#ecfff944ba3960ecb334b9a2663d708d
https://conda.anaconda.org/conda-forge/linux-64/debugpy-1.8.5-py38h6d02427_0.conda#41aaa2fe5a415fbf79ce09b0e2746320
https://conda.anaconda.org/conda-forge/noarch/decorator-5.1.1-pyhd8ed1ab_0.tar.bz2#43afe5ab04e35e17ba28649471dd7364
https://conda.anaconda.org/conda-forge/noarch/entrypoints-0.4-pyhd8ed1ab_0.tar.bz2#3cf04868fee0a029769bd41f4b2fbf2d
https://conda.anaconda.org/conda-forge/noarch/executing-2.1.0-pyhd8ed1ab_0.conda#d0441db20c827c11721889a241df1220
https://conda.anaconda.org/conda-forge/linux-64/fontconfig-2.14.2-h14ed4e7_0.conda#0f69b688f52ff6da70bccb7ff7001d1d
https://conda.anaconda.org/conda-forge/noarch/fsspec-2024.10.0-pyhff2d567_0.conda#816dbc4679a64e4417cd1385d661bb31
https://conda.anaconda.org/conda-forge/linux-64/glib-tools-2.80.2-hb6ce0ca_0.conda#a965aeaf060289528a3fbe09326edae2
https://conda.anaconda.org/conda-forge/linux-64/hdf5-1.14.0-nompi_hb72d44e_103.conda#975973a4350ab45ff1981fe535a12af5
https://conda.anaconda.org/conda-forge/noarch/hpack-4.0.0-pyh9f0ad1d_0.tar.bz2#914d6646c4dbb1fd3ff539830a12fd71
https://conda.anaconda.org/conda-forge/noarch/hyperframe-6.0.1-pyhd8ed1ab_0.tar.bz2#9f765cbfab6870c8435b9eefecd7a1f4
https://conda.anaconda.org/conda-forge/noarch/idna-3.10-pyhd8ed1ab_0.conda#7ba2ede0e7c795ff95088daf0dc59753
https://conda.anaconda.org/conda-forge/linux-64/kiwisolver-1.4.5-py38h7f3f72f_1.conda#b66dcd4f710628fc5563ad56f02ca89b
https://conda.anaconda.org/conda-forge/linux-64/lcms2-2.16-hb7c19ff_0.conda#51bb7010fc86f70eee639b4bb7a894f5
https://conda.anaconda.org/conda-forge/noarch/legacy-api-wrap-1.4-pyhd8ed1ab_1.conda#4419c79892d2d6e085f2c53635358e4a
https://conda.anaconda.org/conda-forge/linux-64/libblas-3.9.0-20_linux64_openblas.conda#2b7bb4f7562c8cf334fc2e20c2d28abc
https://conda.anaconda.org/conda-forge/linux-64/libhwloc-2.11.2-default_he43201b_1000.conda#36247217c4e1018085bd9db41eb3526a
https://conda.anaconda.org/conda-forge/linux-64/libllvm15-15.0.7-hb3ce162_4.conda#8a35df3cbc0c8b12cc8af9473ae75eef
https://conda.anaconda.org/conda-forge/linux-64/libllvm18-18.1.7-hb77312f_0.conda#bc0ea7e1f75a9b1c8467597fbbd9f86b
https://conda.anaconda.org/conda-forge/linux-64/libxkbcommon-1.7.0-h662e7e4_0.conda#b32c0da42b1f24a98577bb3d7fc0b995
https://conda.anaconda.org/conda-forge/linux-64/llvmlite-0.38.1-py38h38d86a4_0.tar.bz2#0cce5ff50e61b42ca3522fcca77aaff0
https://conda.anaconda.org/conda-forge/noarch/locket-1.0.0-pyhd8ed1ab_0.tar.bz2#91e27ef3d05cc772ce627e51cff111c4
https://conda.anaconda.org/conda-forge/noarch/munkres-1.1.4-pyh9f0ad1d_0.tar.bz2#2ba8498c1018c1e9c61eb99b973dfe19
https://conda.anaconda.org/conda-forge/noarch/natsort-8.4.0-pyhd8ed1ab_0.conda#70959cd1db3cf77b2a27a0836cfd08a7
https://conda.anaconda.org/conda-forge/noarch/nest-asyncio-1.6.0-pyhd8ed1ab_0.conda#6598c056f64dc8800d40add25e4e2c34
https://conda.anaconda.org/conda-forge/noarch/networkx-3.1-pyhd8ed1ab_0.conda#254f787d5068bc89f578bf63893ce8b4
https://conda.anaconda.org/conda-forge/linux-64/openjpeg-2.5.2-h488ebb8_0.conda#7f2e286780f072ed750df46dc2631138
https://conda.anaconda.org/conda-forge/noarch/packaging-26.0-pyhcf101f3_0.conda#b76541e68fea4d511b1ac46a28dcd2c6
https://conda.anaconda.org/conda-forge/noarch/parso-0.8.4-pyhd8ed1ab_0.conda#81534b420deb77da8833f2289b8d47ac
https://conda.anaconda.org/conda-forge/noarch/pickleshare-0.7.5-py_1003.tar.bz2#415f0ebb6198cc2801c73438a9fb5761
https://conda.anaconda.org/conda-forge/noarch/platformdirs-4.3.6-pyhd8ed1ab_0.conda#fd8f2b18b65bbf62e8f653100690c8d2
https://conda.anaconda.org/conda-forge/noarch/ply-3.11-pyhd8ed1ab_2.conda#18c6deb6f9602e32446398203c8f0e91
https://conda.anaconda.org/conda-forge/noarch/ptyprocess-0.7.0-pyhd3deb0d_0.tar.bz2#359eeb6536da0e687af562ed265ec263
https://conda.anaconda.org/conda-forge/noarch/pure_eval-0.2.3-pyhd8ed1ab_0.conda#0f051f09d992e0d08941706ad519ee0e
https://conda.anaconda.org/conda-forge/noarch/pycparser-2.22-pyhd8ed1ab_0.conda#844d9eb3b43095b031874477f7d70088
https://conda.anaconda.org/conda-forge/noarch/pygments-2.18.0-pyhd8ed1ab_0.conda#b7f5c092b8f9800150d998a71b76d5a1
https://conda.anaconda.org/conda-forge/noarch/pyparsing-3.1.4-pyhd8ed1ab_0.conda#4d91352a50949d049cf9714c8563d433
https://conda.anaconda.org/conda-forge/noarch/pysocks-1.7.1-pyha2e5f31_6.tar.bz2#2a7de29fb590ca14b5243c4c812c8025
https://conda.anaconda.org/conda-forge/linux-64/python-annoy-1.17.3-py38h854fd01_1.conda#563544429450060956990fe3b5e4f4b1
https://conda.anaconda.org/conda-forge/noarch/pytz-2024.2-pyhd8ed1ab_0.conda#260009d03c9d5c0f111904d851f053dc
https://conda.anaconda.org/conda-forge/linux-64/pyyaml-6.0.2-py38h2019614_0.conda#47a3b59acbb1626316500e178e25b944
https://conda.anaconda.org/conda-forge/linux-64/pyzmq-26.2.0-py38h6c80b9a_0.conda#d16a4460421bc385dfb20dba5314bd29
https://conda.anaconda.org/conda-forge/noarch/setuptools-75.3.0-pyhd8ed1ab_0.conda#2ce9825396daf72baabaade36cee16da
https://conda.anaconda.org/conda-forge/noarch/six-1.16.0-pyh6c4a22f_0.tar.bz2#e5f25f8dbc060e9a8d912e432202afc2
https://conda.anaconda.org/conda-forge/noarch/stdlib-list-0.11.0-pyhd8ed1ab_0.conda#0f3ae9b96c6072d680c505425515fad1
https://conda.anaconda.org/conda-forge/noarch/texttable-1.7.0-pyhd8ed1ab_0.conda#aaadd85d5ca8f8d69a3147857bf4708d
https://conda.anaconda.org/conda-forge/noarch/threadpoolctl-3.5.0-pyhc1e730c_0.conda#df68d78237980a159bd7149f33c0e8fd
https://conda.anaconda.org/conda-forge/noarch/toml-0.10.2-pyhd8ed1ab_0.tar.bz2#f832c45a477c78bebd107098db465095
https://conda.anaconda.org/conda-forge/noarch/tomli-2.0.2-pyhd8ed1ab_0.conda#e977934e00b355ff55ed154904044727
https://conda.anaconda.org/conda-forge/noarch/toolz-1.0.0-pyhd8ed1ab_0.conda#34feccdd4177f2d3d53c73fc44fd9a37
https://conda.anaconda.org/conda-forge/linux-64/tornado-6.4.1-py38hfb59056_0.conda#ca6a0889b55d598c8fe154005cee15ef
https://conda.anaconda.org/conda-forge/noarch/traitlets-5.14.3-pyhd8ed1ab_0.conda#3df84416a021220d8b5700c613af2dc5
https://conda.anaconda.org/conda-forge/noarch/typing_extensions-4.12.2-pyha770c72_0.conda#ebe6952715e1d5eb567eeebf25250fa7
https://conda.anaconda.org/conda-forge/linux-64/unicodedata2-15.1.0-py38h01eb140_0.conda#d28c162f670f8dc3a89e246573ae96c9
https://conda.anaconda.org/conda-forge/noarch/wcwidth-0.2.13-pyhd8ed1ab_0.conda#68f0738df502a14213624b288c60c9ad
https://conda.anaconda.org/conda-forge/noarch/wheel-0.45.1-pyhd8ed1ab_0.conda#bdb2f437ce62fd2f1fef9119a37a12d9
https://conda.anaconda.org/conda-forge/noarch/zipp-3.21.0-pyhd8ed1ab_0.conda#fee389bf8a4843bd7a2248ce11b7f188
https://conda.anaconda.org/conda-forge/noarch/cached-property-1.5.2-hd8ed1ab_1.tar.bz2#9b347a7ec10940d3f7941ff6c460b551
https://conda.anaconda.org/conda-forge/linux-64/cairo-1.18.0-h3faef2a_0.conda#f907bb958910dc404647326ca80c263e
https://conda.anaconda.org/conda-forge/linux-64/cffi-1.17.0-py38heb5c249_0.conda#b41a6ee3a5b044185b5f46aaf6082388
https://conda.anaconda.org/conda-forge/linux-64/cytoolz-0.12.3-py38h01eb140_0.conda#dd2a226dab12d58782a08aa9f0eb7afa
https://conda.anaconda.org/conda-forge/linux-64/fonttools-4.53.1-py38h2019614_0.conda#ab278a88d5031ff24b684d5a01f8b046
https://conda.anaconda.org/conda-forge/linux-64/glib-2.80.2-hf974151_0.conda#d427988dc3dbd0a4c136f52db356cc6a
https://conda.anaconda.org/conda-forge/noarch/h2-4.1.0-pyhd8ed1ab_0.tar.bz2#b748fbf7060927a6e82df7cb5ee8f097
https://conda.anaconda.org/conda-forge/noarch/importlib-metadata-8.5.0-pyha770c72_0.conda#54198435fce4d64d8a89af22573012a8
https://conda.anaconda.org/conda-forge/noarch/jedi-0.19.1-pyhd8ed1ab_0.conda#81a3be0b2023e1ea8555781f0ad904a2
https://conda.anaconda.org/conda-forge/noarch/joblib-1.4.2-pyhd8ed1ab_0.conda#25df261d4523d9f9783bcdb7208d872f
https://conda.anaconda.org/conda-forge/noarch/jupyter_core-5.8.1-pyh31011fe_0.conda#b7d89d860ebcda28a5303526cdee68ab
https://conda.anaconda.org/conda-forge/linux-64/libcblas-3.9.0-20_linux64_openblas.conda#36d486d72ab64ffea932329a1d3729a3
https://conda.anaconda.org/conda-forge/linux-64/libclang-cpp15-15.0.7-default_h127d8a8_5.conda#d0a9633b53cdc319b8a1a532ae7822b8
https://conda.anaconda.org/conda-forge/linux-64/libclang13-18.1.7-default_h087397f_0.conda#536526073c2e7f9056fdce8584da779e
https://conda.anaconda.org/conda-forge/linux-64/liblapack-3.9.0-20_linux64_openblas.conda#6fabc51f5e647d09cc010c40061557e0
https://conda.anaconda.org/conda-forge/noarch/matplotlib-inline-0.1.7-pyhd8ed1ab_0.conda#779345c95648be40d22aaa89de7d4254
https://conda.anaconda.org/conda-forge/noarch/partd-1.4.1-pyhd8ed1ab_0.conda#acf4b7c0bcd5fa3b0e05801c4d2accd6
https://conda.anaconda.org/conda-forge/noarch/pexpect-4.9.0-pyhd8ed1ab_0.conda#629f3203c99b32e0988910c93e77f3b6
https://conda.anaconda.org/conda-forge/linux-64/pillow-10.3.0-py38h9e66945_0.conda#06a7c758cf349a5bf24989f179bb504e
https://conda.anaconda.org/conda-forge/noarch/pip-24.3.1-pyh8b19718_0.conda#5dd546fe99b44fda83963d15f84263b7
https://conda.anaconda.org/conda-forge/noarch/prompt-toolkit-3.0.48-pyha770c72_0.conda#4c05134c48b6a74f33bbb9938e4a115e
https://conda.anaconda.org/conda-forge/linux-64/pulseaudio-client-17.0-hb77b528_0.conda#07f45f1be1c25345faddb8db0de8039b
https://conda.anaconda.org/conda-forge/noarch/python-dateutil-2.9.0-pyhd8ed1ab_0.conda#2cf4264fffb9e6eff6031c5b6884d61c
https://conda.anaconda.org/conda-forge/noarch/sinfo-0.3.1-py_0.tar.bz2#7647b886e6454e1455b5a5c2c2e68ed3
https://conda.anaconda.org/conda-forge/linux-64/sip-6.7.12-py38h17151c0_0.conda#ae2edf79b63f97071aea203b22a6774a
https://conda.anaconda.org/conda-forge/noarch/stack_data-0.6.2-pyhd8ed1ab_0.conda#e7df0fdd404616638df5ece6e69ba7af
https://conda.anaconda.org/conda-forge/linux-64/tbb-2022.1.0-h4ce085d_0.conda#f0afd0c7509f6c1b8d77ee64d7ba64b8
https://conda.anaconda.org/conda-forge/noarch/tqdm-4.67.1-pyhd8ed1ab_0.conda#4085c9db273a148e149c03627350e22c
https://conda.anaconda.org/conda-forge/linux-64/arpack-3.7.0-hdefa2d7_2.tar.bz2#8763fe86163198ef1778d1d8d22bb078
https://conda.anaconda.org/conda-forge/linux-64/gstreamer-1.24.4-haf2f30d_0.conda#926c2c7ee7a0b48d6d70783a33f7bc80
https://conda.anaconda.org/conda-forge/linux-64/harfbuzz-9.0.0-hfac3d4d_0.conda#c7b47c64af53e8ecee01d101eeab2342
https://conda.anaconda.org/conda-forge/noarch/importlib_metadata-8.5.0-hd8ed1ab_1.conda#c70dd0718dbccdcc6d5828de3e71399d
https://conda.anaconda.org/conda-forge/noarch/jupyter_client-7.4.9-pyhd8ed1ab_0.conda#5cbf9a31a19d4ef9103adb7d71fd45fd
https://conda.anaconda.org/conda-forge/noarch/lazy-loader-0.4-pyhd8ed1ab_1.conda#4809b9f4c6ce106d443c3f90b8e10db2
https://conda.anaconda.org/conda-forge/linux-64/numpy-1.21.6-py38h1d589f8_0.tar.bz2#7013c94bf279792bda2c3da46beb73e4
https://conda.anaconda.org/conda-forge/noarch/prompt_toolkit-3.0.48-hd8ed1ab_1.conda#bf730bb1f201e3f5a961c1fb2ffc4f05
https://conda.anaconda.org/conda-forge/linux-64/pyqt5-sip-12.12.2-py38h17151c0_5.conda#3d66f5c4a0af2713f60ec11bf1230136
https://conda.anaconda.org/conda-forge/linux-64/zstandard-0.23.0-py38h62bed22_0.conda#7cdf6cb1dcfbaf868ff42b15189f7e59
https://conda.anaconda.org/conda-forge/linux-64/contourpy-1.1.1-py38h7f3f72f_1.conda#18ae206b2d413e5cc8d2bb8ab48aa165
https://conda.anaconda.org/conda-forge/noarch/dask-core-2023.5.0-pyhd8ed1ab_0.conda#03ed2d040648a5ba1063bf1cb0d87b78
https://conda.anaconda.org/conda-forge/linux-64/gst-plugins-base-1.24.4-h9ad1361_0.conda#147cce520ec59367549fd0d96d404213
https://conda.anaconda.org/conda-forge/linux-64/h5py-3.9.0-nompi_py38h89e2d6c_100.conda#3acaa137115079c870de4db33164dd21
https://conda.anaconda.org/conda-forge/linux-64/igraph-0.10.7-h27e60f0_0.conda#ad79a11dcc137f12d6b94b52408e44a9
https://conda.anaconda.org/conda-forge/linux-64/imagecodecs-lite-2019.12.3-py38h26c90d9_6.tar.bz2#f423884562ace70329b612877d8917c6
https://conda.anaconda.org/conda-forge/noarch/imageio-2.36.0-pyh12aca89_1.conda#36349844ff73fcd0140ee7f30745f0bf
https://conda.anaconda.org/conda-forge/noarch/ipython-8.12.2-pyh41d4057_0.conda#acebfd89278ecac2a67b60b657e00d5c
https://conda.anaconda.org/conda-forge/noarch/lazy_loader-0.4-pyhd8ed1ab_1.conda#ec6f70b8a5242936567d4f886726a372
https://conda.anaconda.org/conda-forge/linux-64/numba-0.55.1-py38hdc3674a_1.tar.bz2#0b49d475f490e80ffa44c551896325fc
https://conda.anaconda.org/conda-forge/linux-64/numexpr-2.8.4-py38hb2af0cf_101.conda#f865d4787e70e89e3931b31ab57be07d
https://conda.anaconda.org/conda-forge/linux-64/pandas-1.5.0-py38h8f669ce_0.tar.bz2#f91da48c62c91659da28bd95559c75ff
https://conda.anaconda.org/conda-forge/noarch/patsy-0.5.6-pyhd8ed1ab_0.conda#a5b55d1cb110cdcedc748b5c3e16e687
https://conda.anaconda.org/conda-forge/linux-64/python-igraph-0.10.6-py38haec740f_2.conda#009822cb7ae5f861fd8ab678c185eb58
https://conda.anaconda.org/conda-forge/linux-64/pywavelets-1.4.1-py38h7e4f40d_0.conda#17f682c947f9cabd348e7276f00c6d85
https://conda.anaconda.org/conda-forge/linux-64/scipy-1.9.1-py38hea3f02b_0.tar.bz2#b232edb409c6a79e5921b3591c56b716
https://conda.anaconda.org/conda-forge/noarch/urllib3-2.2.3-pyhd8ed1ab_0.conda#6b55867f385dd762ed99ea687af32a69
https://conda.anaconda.org/conda-forge/noarch/anndata-0.9.2-pyhd8ed1ab_0.conda#b1ed77414a6be115c7203468f4046acf
https://conda.anaconda.org/conda-forge/linux-64/ipykernel-6.9.1-py38he5a9106_0.tar.bz2#b11ecaefdc387675c91847832d8c6632
https://conda.anaconda.org/conda-forge/linux-64/libleidenalg-0.11.1-h00ab1b0_0.conda#9bed75a6c72af9283398ac39aba78704
https://conda.anaconda.org/conda-forge/linux-64/louvain-0.8.1-py38h17151c0_1.conda#b013d333d73f4aac2539ed3739a204cc
https://conda.anaconda.org/conda-forge/linux-64/matplotlib-base-3.6.3-py38hd6c3c57_0.conda#57fb4f7e761fba963a85d8be6d63a3fb
https://conda.anaconda.org/conda-forge/linux-64/pytables-3.7.0-py38h88eacd1_4.conda#e7615b64e0b760dfc346fa9872949d9b
https://conda.anaconda.org/conda-forge/linux-64/qt-main-5.15.8-hc9dc06e_21.conda#b325046180590c868ce0dbf267b82eb8
https://conda.anaconda.org/conda-forge/noarch/requests-2.32.3-pyhd8ed1ab_0.conda#5ede4753180c7a550a443c430dc8ab52
https://conda.anaconda.org/conda-forge/linux-64/scikit-learn-1.0.2-py38h1561384_0.tar.bz2#4a15e111a49087a5a36fc342904cf80b
https://conda.anaconda.org/conda-forge/linux-64/statsmodels-0.13.2-py38h71d37f0_0.tar.bz2#68f9f9c3fdcd43e5a251edbe4a5a2608
https://conda.anaconda.org/conda-forge/noarch/tifffile-2020.6.3-py_0.tar.bz2#1fb771bb25b2eecbc73abf5143fa35bd
https://conda.anaconda.org/bioconda/noarch/gprofiler-official-1.0.0-pyh7e72e81_1.tar.bz2#67b264dde2790fc3b9b959e1edded6a9
https://conda.anaconda.org/conda-forge/linux-64/leidenalg-0.10.1-py38h17151c0_1.conda#8929e55fc32469a4a5ecb6209c06f75c
https://conda.anaconda.org/conda-forge/noarch/pynndescent-0.5.13-pyhff2d567_0.conda#16006c71932bd4e1a9c71f4021d0c41a
https://conda.anaconda.org/conda-forge/linux-64/pyqt-5.15.9-py38hffdaa6c_5.conda#398e774c9eaa5ed4dddf7a7681f6cfb8
https://conda.anaconda.org/conda-forge/linux-64/scikit-image-0.20.0-py38hf403d1e_1.conda#bc98ad3e934184ec9b92c8e479afc271
https://conda.anaconda.org/conda-forge/noarch/seaborn-base-0.11.2-pyhd8ed1ab_0.tar.bz2#fe2303dc8f1febeb82d927ce8ad153ed
https://conda.anaconda.org/conda-forge/linux-64/matplotlib-3.6.3-py38h578d9bd_0.conda#5555fcb5d66d5314b29ae1fdcc3fb66d
https://conda.anaconda.org/conda-forge/noarch/seaborn-0.11.2-hd8ed1ab_0.tar.bz2#e56b6a19f4b717eca7c68ad78196b075
https://conda.anaconda.org/conda-forge/linux-64/umap-learn-0.5.6-py38h578d9bd_1.conda#f4b3d59dda3e21978349b79dba7f375c
https://conda.anaconda.org/conda-forge/noarch/scanpy-1.8.2-pyhd8ed1ab_0.tar.bz2#d87e2ec9afdeed289015b2dcb505c6fb
https://conda.anaconda.org/bioconda/noarch/scrublet-0.2.3-pyh5e36f6f_1.tar.bz2#85010eca5e960f74bb5f8bc5c153896a
