# Generated by conda-lock.
# platform: linux-64
# input_hash: 0239b442080e606ca3391d61e2ca7a6005f8f4c781a58c7b024059790e944006
@EXPLICIT
https://conda.anaconda.org/conda-forge/noarch/ca-certificates-2026.2.25-hbd8a1cb_0.conda#4492fd26db29495f0ba23f146cd5638d
https://conda.anaconda.org/conda-forge/linux-64/libgomp-15.2.0-he0feb66_18.conda#239c5e9546c38a1e884d69effcf4c882
https://conda.anaconda.org/conda-forge/linux-64/_openmp_mutex-4.5-20_gnu.conda#a9f577daf3de00bca7c3c76c0ecbd1de
https://conda.anaconda.org/conda-forge/linux-64/libgcc-15.2.0-he0feb66_18.conda#0aa00f03f9e39fb9876085dee11a85d4
https://conda.anaconda.org/conda-forge/linux-64/bzip2-1.0.8-hda65f42_9.conda#d2ffd7602c02f2b316fd921d39876885
https://conda.anaconda.org/conda-forge/linux-64/fribidi-1.0.16-hb03c661_0.conda#f9f81ea472684d75b9dd8d0b328cf655
https://conda.anaconda.org/conda-forge/linux-64/libbrotlicommon-1.2.0-hb03c661_1.conda#72c8fd1af66bd67bf580645b426513ed
https://conda.anaconda.org/conda-forge/linux-64/libexpat-2.7.5-hecca717_0.conda#49f570f3bc4c874a06ea69b7225753af
https://conda.anaconda.org/conda-forge/linux-64/libgcc-ng-15.2.0-h69a702a_18.conda#d5e96b1ed75ca01906b3d2469b4ce493
https://conda.anaconda.org/conda-forge/linux-64/libgfortran5-15.2.0-h68bc16d_18.conda#646855f357199a12f02a87382d429b75
https://conda.anaconda.org/conda-forge/linux-64/libiconv-1.18-h3b78370_2.conda#915f5995e94f60e9a4826e0b0920ee88
https://conda.anaconda.org/conda-forge/linux-64/liblzma-5.8.2-hb03c661_0.conda#c7c83eecbb72d88b940c249af56c8b17
https://conda.anaconda.org/conda-forge/linux-64/libstdcxx-15.2.0-h934c35e_18.conda#1b08cd684f34175e4514474793d44bcb
https://conda.anaconda.org/conda-forge/linux-64/libuuid-2.42-h5347b49_0.conda#38ffe67b78c9d4de527be8315e5ada2c
https://conda.anaconda.org/conda-forge/linux-64/libwebp-base-1.6.0-hd42ef1d_0.conda#aea31d2e5b1091feca96fcfe945c3cf9
https://conda.anaconda.org/conda-forge/linux-64/ncurses-6.5-h2d0b736_3.conda#47e340acb35de30501a76c7c799c41d7
https://conda.anaconda.org/conda-forge/linux-64/pthread-stubs-0.4-hb9d3cd8_1002.conda#b3c17d95b5a10c6e64a21fa17573e70e
https://conda.anaconda.org/conda-forge/linux-64/xorg-kbproto-1.0.7-hb9d3cd8_1003.conda#e87bfacb110d85e1eb6099c9ed8e7236
https://conda.anaconda.org/conda-forge/linux-64/xorg-libxau-1.0.12-hb03c661_1.conda#b2895afaf55bf96a8c8282a2e47a5de0
https://conda.anaconda.org/conda-forge/linux-64/xorg-libxdmcp-1.1.5-hb03c661_1.conda#1dafce8548e38671bea82e3f5c6ce22f
https://conda.anaconda.org/conda-forge/linux-64/xorg-renderproto-0.11.1-hb9d3cd8_1003.conda#bf90782559bce8447609933a7d45995a
https://conda.anaconda.org/conda-forge/linux-64/xorg-xextproto-7.3.0-hb9d3cd8_1004.conda#bc4cd53a083b6720d61a1519a1900878
https://conda.anaconda.org/conda-forge/linux-64/xorg-xproto-7.0.31-hb9d3cd8_1008.conda#a63f5b66876bb1ec734ab4bdc4d11e86
https://conda.anaconda.org/conda-forge/linux-64/yaml-0.2.5-h280c20c_3.conda#a77f85f77be52ff59391544bfe73390a
https://conda.anaconda.org/conda-forge/linux-64/expat-2.7.5-hecca717_0.conda#7de50d165039df32d38be74c1b34a910
https://conda.anaconda.org/conda-forge/linux-64/gettext-tools-0.25.1-h3f43e3d_1.conda#a59c05d22bdcbb4e984bf0c021a2a02f
https://conda.anaconda.org/conda-forge/linux-64/graphite2-1.3.14-hecca717_2.conda#2cd94587f3a401ae05e03a6caf09539d
https://conda.anaconda.org/conda-forge/linux-64/jpeg-9e-h0b41bf4_3.conda#c7a069243e1fbe9a556ed2ec030e6407
https://conda.anaconda.org/conda-forge/linux-64/lerc-4.1.0-hdb68285_0.conda#a752488c68f2e7c456bcbd8f16eec275
https://conda.anaconda.org/conda-forge/linux-64/libasprintf-0.25.1-h3f43e3d_1.conda#3b0d184bc9404516d418d4509e418bdc
https://conda.anaconda.org/conda-forge/linux-64/libbrotlidec-1.2.0-hb03c661_1.conda#366b40a69f0ad6072561c1d09301c886
https://conda.anaconda.org/conda-forge/linux-64/libbrotlienc-1.2.0-hb03c661_1.conda#4ffbb341c8b616aa2494b6afb26a0c5f
https://conda.anaconda.org/conda-forge/linux-64/libdeflate-1.14-h166bdaf_0.tar.bz2#fc84a0446e4e4fb882e78d786cfb9734
https://conda.anaconda.org/conda-forge/linux-64/libgettextpo-0.25.1-h3f43e3d_1.conda#2f4de899028319b27eb7a4023be5dfd2
https://conda.anaconda.org/conda-forge/linux-64/libgfortran-15.2.0-h69a702a_18.conda#9063115da5bc35fdc3e1002e69b9ef6e
https://conda.anaconda.org/conda-forge/linux-64/liblzma-devel-5.8.2-hb03c661_0.conda#de60549ba9d8921dff3afa4b179e2a4b
https://conda.anaconda.org/conda-forge/linux-64/libsodium-1.0.18-h36c2ea0_1.tar.bz2#c3788462a6fbddafdb413a9f9053e58d
https://conda.anaconda.org/conda-forge/linux-64/libstdcxx-ng-15.2.0-hdf11a46_18.conda#6235adb93d064ecdf3d44faee6f468de
https://conda.anaconda.org/conda-forge/linux-64/libxcb-1.13-h7f98852_1004.tar.bz2#b3653fdc58d03face9724f602218a904
https://conda.anaconda.org/conda-forge/linux-64/libzlib-1.2.13-h4ab18f5_6.conda#27329162c0dc732bcf67a4e0cd488125
https://conda.anaconda.org/conda-forge/linux-64/openssl-1.0.2u-h516909a_0.tar.bz2#e9043fbb5bb2c4a2b41a37e05d2ec2ec
https://conda.anaconda.org/conda-forge/linux-64/pixman-0.38.0-h516909a_1003.tar.bz2#7c0b1414e5af196415f7808fbd704143
https://conda.anaconda.org/conda-forge/linux-64/readline-7.0-hf8c457e_1001.tar.bz2#ba9f8093574f89e5efc3e775ecc0d7d8
https://conda.anaconda.org/conda-forge/linux-64/xorg-libice-1.0.10-h7f98852_0.tar.bz2#d6b0b50b49eccfe0be0373be628be0f3
https://conda.anaconda.org/conda-forge/linux-64/xz-gpl-tools-5.8.2-ha02ee65_0.conda#a159fe1e8200dd67fa88ddea9169d25a
https://conda.anaconda.org/conda-forge/linux-64/xz-tools-5.8.2-hb03c661_0.conda#dfd6129671f782988d665354e7aa269d
https://conda.anaconda.org/conda-forge/linux-64/brotli-bin-1.2.0-hb03c661_1.conda#af39b9a8711d4a8d437b52c1d78eb6a1
https://conda.anaconda.org/conda-forge/linux-64/icu-58.2-hf484d3e_1000.tar.bz2#3749214646d41293022b45ce51386141
https://conda.anaconda.org/conda-forge/linux-64/libasprintf-devel-0.25.1-h3f43e3d_1.conda#fd9cf4a11d07f0ef3e44fc061611b1ed
https://conda.anaconda.org/conda-forge/linux-64/libffi-3.2.1-he1b5a44_1007.tar.bz2#11389072d7d6036fd811c3d9460475cd
https://conda.anaconda.org/conda-forge/linux-64/libgettextpo-devel-0.25.1-h3f43e3d_1.conda#3f7a43b3160ec0345c9535a9f0d7908e
https://conda.anaconda.org/conda-forge/linux-64/libgfortran-ng-15.2.0-h69a702a_18.conda#26d7b228de99d6fb032ba4d5c1679040
https://conda.anaconda.org/conda-forge/linux-64/libpng-1.6.43-h2797004_0.conda#009981dd9cfcaa4dbfa25ffaed86bcae
https://conda.anaconda.org/conda-forge/linux-64/pcre-8.45-h9c3ff4c_0.tar.bz2#c05d1820a6d34ff07aaaab7a9b7eddaa
https://conda.anaconda.org/conda-forge/linux-64/sqlite-3.28.0-h8b20d00_0.tar.bz2#2a7f1449b2aae6d661d37cd83d0c24c1
https://conda.anaconda.org/conda-forge/linux-64/tk-8.6.13-noxft_h4845f30_101.conda#d453b98d9c83e71da0741bb0ff4d76bc
https://conda.anaconda.org/conda-forge/linux-64/xorg-libsm-1.2.3-hd9c2040_1000.tar.bz2#9e856f78d5c80d5a78f61e72d1d473a3
https://conda.anaconda.org/conda-forge/linux-64/xorg-libx11-1.8.4-h0b41bf4_0.conda#ea8fbfeb976ac49cbeb594e985393514
https://conda.anaconda.org/conda-forge/linux-64/xz-5.8.2-ha02ee65_0.conda#d34b831f6d6a9b014eb7cf65f6329bba
https://conda.anaconda.org/conda-forge/linux-64/zeromq-4.3.5-h59595ed_1.conda#7fc9d3288d2420bb3637647621018000
https://conda.anaconda.org/conda-forge/linux-64/zlib-1.2.13-h4ab18f5_6.conda#559d338a4234c2ad6e676f460a093e67
https://conda.anaconda.org/conda-forge/linux-64/zstd-1.5.6-ha6fb4c9_0.conda#4d056880988120e29d75bfff282e0f45
https://conda.anaconda.org/conda-forge/linux-64/brotli-1.2.0-hed03a55_1.conda#8ccf913aaba749a5496c17629d859ed1
https://conda.anaconda.org/conda-forge/linux-64/freetype-2.12.1-h267a509_2.conda#9ae35c3d96db2c94ce0cef86efdfa2cb
https://conda.anaconda.org/conda-forge/linux-64/gettext-0.25.1-h3f43e3d_1.conda#c42356557d7f2e37676e121515417e3b
https://conda.anaconda.org/conda-forge/linux-64/libopenblas-0.3.25-pthreads_h413a1c8_0.conda#d172b34a443b95f86089e8229ddc9a17
https://conda.anaconda.org/conda-forge/linux-64/libtiff-4.4.0-h82bc61c_5.conda#e712a63a21f9db647982971dc121cdcf
https://conda.anaconda.org/conda-forge/linux-64/libxml2-2.9.9-h13577e0_2.tar.bz2#083a2da17cdca5e6f2bdc9d05a189baf
https://conda.anaconda.org/conda-forge/linux-64/python-3.7.0-hd21baee_1006.tar.bz2#20f79d457a8941191d21b5bd3d041bf2
https://conda.anaconda.org/conda-forge/linux-64/xorg-libxext-1.3.4-h0b41bf4_2.conda#82b6df12252e6f32402b96dacc656fec
https://conda.anaconda.org/conda-forge/linux-64/xorg-libxrender-0.9.10-h7f98852_1003.tar.bz2#f59c1242cc1dd93e72c2ee2b360979eb
https://conda.anaconda.org/conda-forge/linux-64/xorg-libxt-1.3.0-hd590300_0.conda#ab2044e8d87dda9f74652e8e084a5569
https://conda.anaconda.org/conda-forge/noarch/backcall-0.2.0-pyh9f0ad1d_0.tar.bz2#6006a6d08a3fa99268a2681c7fb55213
https://conda.anaconda.org/conda-forge/noarch/backports-1.0-pyhd8ed1ab_4.conda#67bdebbc334513034826e9b63f769d4c
https://conda.anaconda.org/conda-forge/noarch/certifi-2024.8.30-pyhd8ed1ab_0.conda#12f7d00853807b0531775e9be891cb11
https://conda.anaconda.org/conda-forge/noarch/cloudpickle-2.2.1-pyhd8ed1ab_0.conda#b325bfc4cff7d7f8a868f1f7ecc4ed16
https://conda.anaconda.org/conda-forge/noarch/cycler-0.11.0-pyhd8ed1ab_0.tar.bz2#a50559fad0affdbb33729a68669ca1cb
https://conda.anaconda.org/conda-forge/noarch/decorator-5.1.1-pyhd8ed1ab_0.tar.bz2#43afe5ab04e35e17ba28649471dd7364
https://conda.anaconda.org/conda-forge/noarch/entrypoints-0.4-pyhd8ed1ab_0.tar.bz2#3cf04868fee0a029769bd41f4b2fbf2d
https://conda.anaconda.org/conda-forge/linux-64/fontconfig-2.14.2-h14ed4e7_0.conda#0f69b688f52ff6da70bccb7ff7001d1d
https://conda.anaconda.org/conda-forge/noarch/fsspec-2023.1.0-pyhd8ed1ab_0.conda#44f6828b8f7cc3433d68d1d1c0e9add2
https://conda.anaconda.org/conda-forge/linux-64/lcms2-2.14-h6ed2654_0.tar.bz2#dcc588839de1445d90995a0a2c4f3a39
https://conda.anaconda.org/conda-forge/linux-64/libblas-3.9.0-20_linux64_openblas.conda#2b7bb4f7562c8cf334fc2e20c2d28abc
https://conda.anaconda.org/conda-forge/linux-64/libglib-2.66.3-hbe7bbb4_0.tar.bz2#d5a09a9e981849b751cb75656b7302a0
https://conda.anaconda.org/conda-forge/noarch/locket-1.0.0-pyhd8ed1ab_0.tar.bz2#91e27ef3d05cc772ce627e51cff111c4
https://conda.anaconda.org/conda-forge/noarch/munkres-1.1.4-pyh9f0ad1d_0.tar.bz2#2ba8498c1018c1e9c61eb99b973dfe19
https://conda.anaconda.org/conda-forge/noarch/nest-asyncio-1.6.0-pyhd8ed1ab_0.conda#6598c056f64dc8800d40add25e4e2c34
https://conda.anaconda.org/conda-forge/linux-64/openjpeg-2.5.0-h7d73246_1.tar.bz2#a11b4df9271a8d7917686725aa04c8f2
https://conda.anaconda.org/conda-forge/noarch/packaging-23.2-pyhd8ed1ab_0.conda#79002079284aa895f883c6b7f3f88fd6
https://conda.anaconda.org/conda-forge/noarch/parso-0.8.4-pyhd8ed1ab_0.conda#81534b420deb77da8833f2289b8d47ac
https://conda.anaconda.org/conda-forge/noarch/pickleshare-0.7.5-py_1003.tar.bz2#415f0ebb6198cc2801c73438a9fb5761
https://conda.anaconda.org/conda-forge/noarch/ptyprocess-0.7.0-pyhd3deb0d_0.tar.bz2#359eeb6536da0e687af562ed265ec263
https://conda.anaconda.org/conda-forge/noarch/pygments-2.17.2-pyhd8ed1ab_0.conda#140a7f159396547e9799aa98f9f0742e
https://conda.anaconda.org/conda-forge/noarch/pyparsing-3.1.4-pyhd8ed1ab_0.conda#4d91352a50949d049cf9714c8563d433
https://conda.anaconda.org/conda-forge/linux-64/python_abi-3.7-2_cp37m.tar.bz2#afff88bf9a7048da740c70aeb8cdbb82
https://conda.anaconda.org/conda-forge/noarch/pytz-2024.2-pyhd8ed1ab_0.conda#260009d03c9d5c0f111904d851f053dc
https://conda.anaconda.org/conda-forge/linux-64/sip-4.18.1-py37hf484d3e_1000.tar.bz2#86b266700d42fbd3182623db3d3f1258
https://conda.anaconda.org/conda-forge/noarch/six-1.16.0-pyh6c4a22f_0.tar.bz2#e5f25f8dbc060e9a8d912e432202afc2
https://conda.anaconda.org/conda-forge/noarch/slicerator-1.1.0-pyhd8ed1ab_0.tar.bz2#c356cffc6bea0c224659fa47ce14e73a
https://conda.anaconda.org/conda-forge/noarch/toolz-0.12.1-pyhd8ed1ab_0.conda#2fcb582444635e2c402e8569bb94e039
https://conda.anaconda.org/conda-forge/noarch/traitlets-5.9.0-pyhd8ed1ab_0.conda#d0b4f5c87cd35ac3fb3d47b223263a64
https://conda.anaconda.org/conda-forge/noarch/typing_extensions-4.7.1-pyha770c72_0.conda#c39d6a09fe819de4951c2642629d9115
https://conda.anaconda.org/conda-forge/noarch/wheel-0.42.0-pyhd8ed1ab_0.conda#1cdea58981c5cbc17b51973bcaddcea7
https://conda.anaconda.org/conda-forge/linux-64/atk-1.0-2.36.0-h3371d22_4.tar.bz2#661e1ed5d92552785d9f8c781ce68685
https://conda.anaconda.org/conda-forge/linux-64/cytoolz-0.12.0-py37h540881e_0.tar.bz2#10c86190c572b3da2c438232e0b82516
https://conda.anaconda.org/conda-forge/linux-64/debugpy-1.6.3-py37hd23a5d3_0.tar.bz2#004724940367fa84ec1d0732c8b27c18
https://conda.anaconda.org/conda-forge/linux-64/gdk-pixbuf-2.42.2-h19a9c64_1.tar.bz2#55598c22ee2bfc6752181dbdeaa23f15
https://conda.anaconda.org/conda-forge/linux-64/glib-2.66.3-h58526e2_0.tar.bz2#62c2e5c84f6cdc7ded2307ef9c30dc8c
https://conda.anaconda.org/conda-forge/noarch/jedi-0.19.1-pyhd8ed1ab_0.conda#81a3be0b2023e1ea8555781f0ad904a2
https://conda.anaconda.org/conda-forge/linux-64/jupyter_core-4.11.1-py37h89c1867_0.tar.bz2#6d184401b7a49bbebbfedc96bc7add1c
https://conda.anaconda.org/conda-forge/linux-64/libcblas-3.9.0-20_linux64_openblas.conda#36d486d72ab64ffea932329a1d3729a3
https://conda.anaconda.org/conda-forge/linux-64/liblapack-3.9.0-20_linux64_openblas.conda#6fabc51f5e647d09cc010c40061557e0
https://conda.anaconda.org/conda-forge/linux-64/markupsafe-2.1.1-py37h540881e_1.tar.bz2#a9123517674ab0589d955a5adbf58573
https://conda.anaconda.org/conda-forge/noarch/matplotlib-inline-0.1.7-pyhd8ed1ab_0.conda#779345c95648be40d22aaa89de7d4254
https://conda.anaconda.org/conda-forge/noarch/partd-1.4.1-pyhd8ed1ab_0.conda#acf4b7c0bcd5fa3b0e05801c4d2accd6
https://conda.anaconda.org/conda-forge/noarch/pexpect-4.9.0-pyhd8ed1ab_0.conda#629f3203c99b32e0988910c93e77f3b6
https://conda.anaconda.org/conda-forge/linux-64/pillow-9.2.0-py37h850a105_2.tar.bz2#9532a440710f0245e79070561762e138
https://conda.anaconda.org/conda-forge/linux-64/psutil-5.9.3-py37h540881e_0.tar.bz2#0c813ad118e926df328bf74899a48047
https://conda.anaconda.org/conda-forge/noarch/python-dateutil-2.9.0-pyhd8ed1ab_0.conda#2cf4264fffb9e6eff6031c5b6884d61c
https://conda.anaconda.org/conda-forge/linux-64/pyyaml-6.0-py37h540881e_4.tar.bz2#f231119f9790da6da6bd93b250b7e42e
https://conda.anaconda.org/conda-forge/linux-64/pyzmq-24.0.1-py37h0c0c2a8_0.tar.bz2#732c98a38c84984262940c868793ebb4
https://conda.anaconda.org/conda-forge/linux-64/setuptools-59.8.0-py37h89c1867_1.tar.bz2#136867136f5a231f42cb5ea0e0b5a18b
https://conda.anaconda.org/conda-forge/linux-64/tornado-6.2-py37h540881e_0.tar.bz2#2f0863ba6b29d1d2872b064dd697a492
https://conda.anaconda.org/conda-forge/noarch/typing-extensions-4.7.1-hd8ed1ab_0.conda#f96688577f1faa58096d06a45136afa2
https://conda.anaconda.org/conda-forge/linux-64/unicodedata2-14.0.0-py37h540881e_1.tar.bz2#e37e8aa9b6686b6755a469592cc280fe
https://conda.anaconda.org/conda-forge/linux-64/atk-2.36.0-ha770c72_4.tar.bz2#a880a89229c23d0c6aa99f1cc352d7a0
https://conda.anaconda.org/conda-forge/noarch/backports.functools_lru_cache-2.0.0-pyhd8ed1ab_0.conda#c3e2817c65ba08250093d59860fe0b0e
https://conda.anaconda.org/conda-forge/linux-64/cairo-1.16.0-h18b612c_1001.tar.bz2#c82ead342a0697953d3dbf00e5c44dd0
https://conda.anaconda.org/conda-forge/noarch/dask-core-2022.2.0-pyhd8ed1ab_0.tar.bz2#d8410c1ab31b3f5196e0cff0125779c1
https://conda.anaconda.org/conda-forge/linux-64/dbus-1.13.6-hfdff14a_1.tar.bz2#4caaca6356992ee545080c7d7193b5a3
https://conda.anaconda.org/conda-forge/linux-64/fonttools-4.38.0-py37h540881e_0.tar.bz2#b2a41d12059b0557f3b654ddc08f1b33
https://conda.anaconda.org/conda-forge/linux-64/gstreamer-1.14.5-h36ae1b5_2.tar.bz2#00084ab2657be5bf0ba0757ccde797ef
https://conda.anaconda.org/conda-forge/noarch/jinja2-3.1.4-pyhd8ed1ab_0.conda#7b86ecb7d3557821c649b3c31e3eb9f2
https://conda.anaconda.org/conda-forge/noarch/jupyter_client-7.4.9-pyhd8ed1ab_0.conda#5cbf9a31a19d4ef9103adb7d71fd45fd
https://conda.anaconda.org/conda-forge/linux-64/kiwisolver-1.4.4-py37h7cecad7_0.tar.bz2#997912aa3ebab21640e3ba5ec168353d
https://conda.anaconda.org/conda-forge/linux-64/numpy-1.21.6-py37h976b520_0.tar.bz2#b0701d8dc4849b6e06caf1c84135c13c
https://conda.anaconda.org/conda-forge/noarch/pip-24.0-pyhd8ed1ab_0.conda#f586ac1e56c8638b64f9c8122a7b8a67
https://conda.anaconda.org/conda-forge/linux-64/gobject-introspection-1.66.1-py37h9019ea4_3.tar.bz2#66332c51c13f88bc8ab99e63a5539d9b
https://conda.anaconda.org/conda-forge/linux-64/harfbuzz-2.4.0-h37c48d4_1.tar.bz2#ad5cb59b1ffe9f4bf015379fe79b2130
https://conda.anaconda.org/conda-forge/linux-64/imagecodecs-lite-2019.12.3-py37hc105733_5.tar.bz2#8cb73a0374240e303c820888ba553983
https://conda.anaconda.org/conda-forge/noarch/imageio-2.36.0-pyh12aca89_1.conda#36349844ff73fcd0140ee7f30745f0bf
https://conda.anaconda.org/conda-forge/linux-64/matplotlib-base-3.5.3-py37hf395dca_2.tar.bz2#dcbe09584d1271ddd3d8636776d7b09d
https://conda.anaconda.org/conda-forge/linux-64/pandas-1.3.5-py37he8f5f7f_0.tar.bz2#6ebf1968b199a141a5cce6adaedb3651
https://conda.anaconda.org/conda-forge/linux-64/pywavelets-1.3.0-py37hda87dfa_1.tar.bz2#3611f222fdf03ec6bb2146338dc628dd
https://conda.anaconda.org/conda-forge/linux-64/scipy-1.7.3-py37hf2a6cf1_0.tar.bz2#129c613e1d0f09d9fd0473a0da6161a9
https://conda.anaconda.org/conda-forge/noarch/wcwidth-0.2.10-pyhd8ed1ab_0.conda#48978e4e99db7d1ee0d277f6dee20684
https://conda.anaconda.org/conda-forge/noarch/networkx-2.6.3-pyhd8ed1ab_1.tar.bz2#4028eff5a1d3deed58c98774e7aa9891
https://conda.anaconda.org/conda-forge/linux-64/pango-1.42.4-h7062337_4.tar.bz2#cb86ea27a4aceb0e9d7e1f8d59a7e3f3
https://conda.anaconda.org/conda-forge/noarch/prompt-toolkit-3.0.48-pyha770c72_0.conda#4c05134c48b6a74f33bbb9938e4a115e
https://conda.anaconda.org/conda-forge/noarch/tifffile-2020.6.3-py_0.tar.bz2#1fb771bb25b2eecbc73abf5143fa35bd
https://conda.anaconda.org/conda-forge/linux-64/gtk2-2.24.32-h90f3771_0.tar.bz2#a9e0dc4cb233927e9fd3990179ce01a0
https://conda.anaconda.org/conda-forge/linux-64/ipython-7.33.0-py37h89c1867_0.tar.bz2#e4841787deb237aad17b2d44a2d32c23
https://conda.anaconda.org/conda-forge/noarch/pims-0.6.1-pyhd8ed1ab_1.conda#541b167643218ddb6604f22da934f75c
https://conda.anaconda.org/conda-forge/linux-64/scikit-image-0.19.3-py37hfb7772e_1.tar.bz2#91560560f9bce79af79e7b15fd7844c0
https://conda.anaconda.org/conda-forge/noarch/ipykernel-6.16.2-pyh210e3f2_0.tar.bz2#6b0f40821b784cac8a33d0c5eb7602c0
https://conda.anaconda.org/conda-forge/linux-64/qt-5.6.2-hce4f676_1013.tar.bz2#1cd4426bcb3c3b8ef20394b951af48bc
https://conda.anaconda.org/conda-forge/linux-64/pyqt-5.6.0-py37h13b7fb3_1008.tar.bz2#3789d58bee3b1f635aebce9c7974fa9d
https://conda.anaconda.org/conda-forge/linux-64/matplotlib-3.5.3-py37h89c1867_2.tar.bz2#1661863ed79a2876d057b1dee66ab499
# pip pylattice @ https://files.pythonhosted.org/packages/70/37/bdd230b37f6e1190e0739ded626909c884a127fcd098b40dac53fd6d9de3/pylattice-0.1.3-py3-none-any.whl#sha256=07a1b34f91c3af751b417b6a4617e29fae7afd5c09bf3a4e0bb639f09b0c3a1e
