# Generated by conda-lock.
# platform: linux-64
# input_hash: 6ea2de7b70b3841a3fb5073307dfc8e82038d092a4a43f200c53be8cf47e9eca
@EXPLICIT
https://conda.anaconda.org/conda-forge/noarch/_r-mutex-1.0.1-anacondar_1.tar.bz2#19f9db5f4f1b7f5ef5f6d67207f25f38
https://conda.anaconda.org/conda-forge/noarch/font-ttf-dejavu-sans-mono-2.37-hab24e00_0.tar.bz2#0c96522c6bdaed4b1566d11387caaf45
https://conda.anaconda.org/conda-forge/noarch/font-ttf-inconsolata-3.000-h77eed37_0.tar.bz2#34893075a5c9e55cdafac56607368fc6
https://conda.anaconda.org/conda-forge/noarch/font-ttf-source-code-pro-2.038-h77eed37_0.tar.bz2#4d59c254e01d9cde7957100457e2d5fb
https://conda.anaconda.org/conda-forge/noarch/font-ttf-ubuntu-0.83-h77eed37_3.conda#49023d73832ef61042f6a237cb2687e7
https://conda.anaconda.org/conda-forge/noarch/kernel-headers_linux-64-4.18.0-he073ed8_9.conda#86d9cba083cd041bfbf242a01a7a1999
https://conda.anaconda.org/conda-forge/noarch/tzdata-2025c-hc9c84f9_1.conda#ad659d0a2b3e47e38d829aa8cad2d610
https://conda.anaconda.org/conda-forge/noarch/ca-certificates-2026.2.25-hbd8a1cb_0.conda#4492fd26db29495f0ba23f146cd5638d
https://conda.anaconda.org/conda-forge/noarch/fonts-conda-forge-1-hc364b38_1.conda#a7970cd949a077b7cb9696379d338681
https://conda.anaconda.org/conda-forge/noarch/libgcc-devel_linux-64-15.2.0-hcc6f6b0_118.conda#5d3a96d55f1be45fef88ee23155effd9
https://conda.anaconda.org/conda-forge/linux-64/libgomp-15.2.0-he0feb66_18.conda#239c5e9546c38a1e884d69effcf4c882
https://conda.anaconda.org/conda-forge/noarch/libstdcxx-devel_linux-64-15.2.0-hd446a21_118.conda#a50630d1810916fc252b2152f1dc9d6d
https://conda.anaconda.org/conda-forge/linux-64/libzlib-1.3.2-h25fd6f3_2.conda#d87ff7921124eccd67248aa483c23fec
https://conda.anaconda.org/conda-forge/noarch/sysroot_linux-64-2.28-h4ee821c_9.conda#13dc3adbc692664cd3beabd216434749
https://conda.anaconda.org/conda-forge/linux-64/_openmp_mutex-4.5-20_gnu.conda#a9f577daf3de00bca7c3c76c0ecbd1de
https://conda.anaconda.org/conda-forge/noarch/fonts-conda-ecosystem-1-0.tar.bz2#fee5683a3f04bd15cbd8318b096a27ab
https://conda.anaconda.org/conda-forge/linux-64/zstd-1.5.7-hb78ec9c_6.conda#4a13eeac0b5c8e5b8ab496e6c4ddd829
https://conda.anaconda.org/conda-forge/linux-64/ld_impl_linux-64-2.45.1-default_hbd61a6d_102.conda#18335a698559cdbcd86150a48bf54ba6
https://conda.anaconda.org/conda-forge/linux-64/libgcc-15.2.0-he0feb66_18.conda#0aa00f03f9e39fb9876085dee11a85d4
https://conda.anaconda.org/conda-forge/linux-64/binutils_impl_linux-64-2.45.1-default_hfdba357_102.conda#8165352fdce2d2025bf884dc0ee85700
https://conda.anaconda.org/conda-forge/linux-64/bzip2-1.0.8-hda65f42_9.conda#d2ffd7602c02f2b316fd921d39876885
https://conda.anaconda.org/conda-forge/linux-64/c-ares-1.34.6-hb03c661_0.conda#920bb03579f15389b9e512095ad995b7
https://conda.anaconda.org/conda-forge/linux-64/fribidi-1.0.16-hb03c661_0.conda#f9f81ea472684d75b9dd8d0b328cf655
https://conda.anaconda.org/conda-forge/linux-64/keyutils-1.6.3-hb9d3cd8_0.conda#b38117a3c920364aff79f870c984b4a3
https://conda.anaconda.org/conda-forge/linux-64/libexpat-2.7.5-hecca717_0.conda#49f570f3bc4c874a06ea69b7225753af
https://conda.anaconda.org/conda-forge/linux-64/libffi-3.5.2-h3435931_0.conda#a360c33a5abe61c07959e449fa1453eb
https://conda.anaconda.org/conda-forge/linux-64/libgcc-ng-15.2.0-h69a702a_18.conda#d5e96b1ed75ca01906b3d2469b4ce493
https://conda.anaconda.org/conda-forge/linux-64/libgfortran5-15.2.0-h68bc16d_18.conda#646855f357199a12f02a87382d429b75
https://conda.anaconda.org/conda-forge/linux-64/libiconv-1.18-h3b78370_2.conda#915f5995e94f60e9a4826e0b0920ee88
https://conda.anaconda.org/conda-forge/linux-64/liblzma-5.8.2-hb03c661_0.conda#c7c83eecbb72d88b940c249af56c8b17
https://conda.anaconda.org/conda-forge/linux-64/libpng-1.6.56-h421ea60_0.conda#97169784f0775c85683c3d8badcea2c3
https://conda.anaconda.org/conda-forge/linux-64/libstdcxx-15.2.0-h934c35e_18.conda#1b08cd684f34175e4514474793d44bcb
https://conda.anaconda.org/conda-forge/linux-64/libuuid-2.42-h5347b49_0.conda#38ffe67b78c9d4de527be8315e5ada2c
https://conda.anaconda.org/conda-forge/linux-64/libwebp-base-1.6.0-hd42ef1d_0.conda#aea31d2e5b1091feca96fcfe945c3cf9
https://conda.anaconda.org/conda-forge/linux-64/make-4.4.1-hb9d3cd8_2.conda#33405d2a66b1411db9f7242c8b97c9e7
https://conda.anaconda.org/conda-forge/linux-64/ncurses-6.5-h2d0b736_3.conda#47e340acb35de30501a76c7c799c41d7
https://conda.anaconda.org/conda-forge/linux-64/openssl-3.6.1-h35e630c_1.conda#f61eb8cd60ff9057122a3d338b99c00f
https://conda.anaconda.org/conda-forge/linux-64/pthread-stubs-0.4-hb9d3cd8_1002.conda#b3c17d95b5a10c6e64a21fa17573e70e
https://conda.anaconda.org/conda-forge/linux-64/sed-4.9-h6688a6e_0.conda#171afc5f7ca0408bbccbcb69ade85f92
https://conda.anaconda.org/conda-forge/linux-64/tk-8.6.13-noxft_hd72426e_102.conda#a0116df4f4ed05c303811a837d5b39d8
https://conda.anaconda.org/conda-forge/linux-64/xorg-kbproto-1.0.7-hb9d3cd8_1003.conda#e87bfacb110d85e1eb6099c9ed8e7236
https://conda.anaconda.org/conda-forge/linux-64/xorg-libxau-1.0.12-hb03c661_1.conda#b2895afaf55bf96a8c8282a2e47a5de0
https://conda.anaconda.org/conda-forge/linux-64/xorg-libxdmcp-1.1.5-hb03c661_1.conda#1dafce8548e38671bea82e3f5c6ce22f
https://conda.anaconda.org/conda-forge/linux-64/xorg-renderproto-0.11.1-hb9d3cd8_1003.conda#bf90782559bce8447609933a7d45995a
https://conda.anaconda.org/conda-forge/linux-64/xorg-xextproto-7.3.0-hb9d3cd8_1004.conda#bc4cd53a083b6720d61a1519a1900878
https://conda.anaconda.org/conda-forge/linux-64/xorg-xproto-7.0.31-hb9d3cd8_1008.conda#a63f5b66876bb1ec734ab4bdc4d11e86
https://conda.anaconda.org/conda-forge/linux-64/bwidget-1.10.1-ha770c72_1.conda#983b92277d78c0d0ec498e460caa0e6d
https://conda.anaconda.org/conda-forge/linux-64/gettext-tools-0.25.1-h3f43e3d_1.conda#a59c05d22bdcbb4e984bf0c021a2a02f
https://conda.anaconda.org/conda-forge/linux-64/graphite2-1.3.14-hecca717_2.conda#2cd94587f3a401ae05e03a6caf09539d
https://conda.anaconda.org/conda-forge/linux-64/jpeg-9e-h0b41bf4_3.conda#c7a069243e1fbe9a556ed2ec030e6407
https://conda.anaconda.org/conda-forge/linux-64/lerc-4.1.0-hdb68285_0.conda#a752488c68f2e7c456bcbd8f16eec275
https://conda.anaconda.org/conda-forge/linux-64/libasprintf-0.25.1-h3f43e3d_1.conda#3b0d184bc9404516d418d4509e418bdc
https://conda.anaconda.org/conda-forge/linux-64/libdeflate-1.17-h0b41bf4_0.conda#5cc781fd91968b11a8a7fdbee0982676
https://conda.anaconda.org/conda-forge/linux-64/libedit-3.1.20250104-pl5321h7949ede_0.conda#c277e0a4d549b03ac1e9d6cbbe3d017b
https://conda.anaconda.org/conda-forge/linux-64/libev-4.33-hd590300_2.conda#172bf1cd1ff8629f2b1179945ed45055
https://conda.anaconda.org/conda-forge/linux-64/libfreetype6-2.14.3-h73754d4_0.conda#fb16b4b69e3f1dcfe79d80db8fd0c55d
https://conda.anaconda.org/conda-forge/linux-64/libgettextpo-0.25.1-h3f43e3d_1.conda#2f4de899028319b27eb7a4023be5dfd2
https://conda.anaconda.org/conda-forge/linux-64/libgfortran-15.2.0-h69a702a_18.conda#9063115da5bc35fdc3e1002e69b9ef6e
https://conda.anaconda.org/conda-forge/linux-64/liblzma-devel-5.8.2-hb03c661_0.conda#de60549ba9d8921dff3afa4b179e2a4b
https://conda.anaconda.org/conda-forge/linux-64/libsanitizer-15.2.0-h90f66d4_18.conda#ff754fbe790d4e70cf38aea3668c3cb3
https://conda.anaconda.org/conda-forge/linux-64/libsodium-1.0.18-h36c2ea0_1.tar.bz2#c3788462a6fbddafdb413a9f9053e58d
https://conda.anaconda.org/conda-forge/linux-64/libssh2-1.11.1-hcf80075_0.conda#eecce068c7e4eddeb169591baac20ac4
https://conda.anaconda.org/conda-forge/linux-64/libstdcxx-ng-15.2.0-hdf11a46_18.conda#6235adb93d064ecdf3d44faee6f468de
https://conda.anaconda.org/conda-forge/linux-64/libxcb-1.13-h7f98852_1004.tar.bz2#b3653fdc58d03face9724f602218a904
https://conda.anaconda.org/conda-forge/linux-64/pcre2-10.40-hc3806b6_0.tar.bz2#69e2c796349cd9b273890bee0febfe1b
https://conda.anaconda.org/conda-forge/linux-64/pixman-0.46.4-h54a6638_1.conda#c01af13bdc553d1a8fbfff6e8db075f0
https://conda.anaconda.org/conda-forge/linux-64/readline-8.3-h853b02a_0.conda#d7d95fc8287ea7bf33e0e7116d2b95ec
https://conda.anaconda.org/conda-forge/linux-64/tktable-2.10-h8d826fa_7.conda#3ac51142c19ba95ae0fadefa333c9afb
https://conda.anaconda.org/conda-forge/linux-64/xorg-libice-1.0.10-h7f98852_0.tar.bz2#d6b0b50b49eccfe0be0373be628be0f3
https://conda.anaconda.org/conda-forge/linux-64/xz-gpl-tools-5.8.2-ha02ee65_0.conda#a159fe1e8200dd67fa88ddea9169d25a
https://conda.anaconda.org/conda-forge/linux-64/xz-tools-5.8.2-hb03c661_0.conda#dfd6129671f782988d665354e7aa269d
https://conda.anaconda.org/conda-forge/linux-64/gcc_impl_linux-64-15.2.0-he420e7e_18.conda#cf56b6d74f580b91fd527e10d9a2e324
https://conda.anaconda.org/conda-forge/linux-64/icu-70.1-h27087fc_0.tar.bz2#87473a15119779e021c314249d4b4aed
https://conda.anaconda.org/conda-forge/linux-64/krb5-1.20.1-h81ceb04_0.conda#89a41adce7106749573d883b2f657d78
https://conda.anaconda.org/conda-forge/linux-64/libasprintf-devel-0.25.1-h3f43e3d_1.conda#fd9cf4a11d07f0ef3e44fc061611b1ed
https://conda.anaconda.org/conda-forge/linux-64/libfreetype-2.14.3-ha770c72_0.conda#e289f3d17880e44b633ba911d57a321b
https://conda.anaconda.org/conda-forge/linux-64/libgettextpo-devel-0.25.1-h3f43e3d_1.conda#3f7a43b3160ec0345c9535a9f0d7908e
https://conda.anaconda.org/conda-forge/linux-64/libgfortran-ng-15.2.0-h69a702a_18.conda#26d7b228de99d6fb032ba4d5c1679040
https://conda.anaconda.org/conda-forge/linux-64/libnghttp2-1.68.1-h877daf1_0.conda#2a45e7f8af083626f009645a6481f12d
https://conda.anaconda.org/conda-forge/linux-64/libopenblas-0.3.32-pthreads_h94d23a6_0.conda#89d61bc91d3f39fda0ca10fcd3c68594
https://conda.anaconda.org/conda-forge/linux-64/xorg-libsm-1.2.3-hd9c2040_1000.tar.bz2#9e856f78d5c80d5a78f61e72d1d473a3
https://conda.anaconda.org/conda-forge/linux-64/xorg-libx11-1.8.4-h0b41bf4_0.conda#ea8fbfeb976ac49cbeb594e985393514
https://conda.anaconda.org/conda-forge/linux-64/xz-5.8.2-ha02ee65_0.conda#d34b831f6d6a9b014eb7cf65f6329bba
https://conda.anaconda.org/conda-forge/linux-64/zeromq-4.3.5-h59595ed_1.conda#7fc9d3288d2420bb3637647621018000
https://conda.anaconda.org/conda-forge/linux-64/fontconfig-2.17.1-h27c8c51_0.conda#867127763fbe935bab59815b6e0b7b5c
https://conda.anaconda.org/conda-forge/linux-64/freetype-2.14.3-ha770c72_0.conda#8462b5322567212beeb025f3519fb3e2
https://conda.anaconda.org/conda-forge/linux-64/gettext-0.25.1-h3f43e3d_1.conda#c42356557d7f2e37676e121515417e3b
https://conda.anaconda.org/conda-forge/linux-64/gfortran_impl_linux-64-15.2.0-h281d09f_18.conda#d19ccc223bcd1d4e3f6b5884b7b58add
https://conda.anaconda.org/conda-forge/linux-64/gxx_impl_linux-64-15.2.0-hda75c37_18.conda#e39123ab71f2e4cf989aa6aa5fafdaaf
https://conda.anaconda.org/conda-forge/linux-64/libblas-3.11.0-6_h4a7cf45_openblas.conda#6d6d225559bfa6e2f3c90ee9c03d4e2e
https://conda.anaconda.org/conda-forge/linux-64/libcurl-8.1.2-h409715c_0.conda#50c873c9660ed116707ae15b663928d8
https://conda.anaconda.org/conda-forge/linux-64/libtiff-4.5.0-h6adf6a1_2.conda#2e648a34072eb39d7c4fc2a9981c5f0c
https://conda.anaconda.org/conda-forge/linux-64/libxml2-2.10.3-hca2bb57_4.conda#bb808b654bdc3c783deaf107a2ffb503
https://conda.anaconda.org/conda-forge/linux-64/xorg-libxext-1.3.4-h0b41bf4_2.conda#82b6df12252e6f32402b96dacc656fec
https://conda.anaconda.org/conda-forge/linux-64/xorg-libxrender-0.9.10-h7f98852_1003.tar.bz2#f59c1242cc1dd93e72c2ee2b360979eb
https://conda.anaconda.org/conda-forge/linux-64/xorg-libxt-1.3.0-hd590300_0.conda#ab2044e8d87dda9f74652e8e084a5569
https://conda.anaconda.org/conda-forge/linux-64/curl-8.1.2-h409715c_0.conda#9f88cfb15b7d08b25880b138f91e0eb4
https://conda.anaconda.org/conda-forge/linux-64/libcblas-3.11.0-6_h0358290_openblas.conda#36ae340a916635b97ac8a0655ace2a35
https://conda.anaconda.org/conda-forge/linux-64/libglib-2.78.1-hebfc3b9_0.conda#ddd09e8904fde46b85f41896621803e6
https://conda.anaconda.org/conda-forge/linux-64/liblapack-3.11.0-6_h47877c9_openblas.conda#881d801569b201c2e753f03c84b85e15
https://conda.anaconda.org/conda-forge/linux-64/cairo-1.16.0-ha61ee94_1012.tar.bz2#9604a7c93dd37bcb6d6cc8d6b64223a4
https://conda.anaconda.org/conda-forge/linux-64/gsl-2.7-he838d99_0.tar.bz2#fec079ba39c9cca093bf4c00001825de
https://conda.anaconda.org/conda-forge/linux-64/harfbuzz-6.0.0-h8e241bc_0.conda#448fe40d2fed88ccf4d9ded37cbb2b38
https://conda.anaconda.org/conda-forge/linux-64/pango-1.50.14-hd33c08f_0.conda#a8b9e35dd7be2c945b0de4fe19a7c3a9
https://conda.anaconda.org/conda-forge/linux-64/r-base-4.2.2-ha7d60f8_3.conda#cdc789546dae12ce7e40b228d51057c8
https://conda.anaconda.org/conda-forge/linux-64/r-base64enc-0.1_3-r42h57805ef_1006.conda#edb57bac221b8745eb0ae706d4d688c3
https://conda.anaconda.org/conda-forge/linux-64/r-cli-3.6.3-r42ha18555a_0.conda#93fc8055b8aee751e201604a02d7d06f
https://conda.anaconda.org/conda-forge/noarch/r-crayon-1.5.3-r42hc72bb7e_0.conda#4a74a6114bbea1ad8d488e99b83df3da
https://conda.anaconda.org/conda-forge/linux-64/r-digest-0.6.36-r42ha18555a_0.conda#332551d9a37018826d528cf16701bd2b
https://conda.anaconda.org/conda-forge/noarch/r-evaluate-0.24.0-r42hc72bb7e_0.conda#c2a50c427d0febc367122a875239e771
https://conda.anaconda.org/conda-forge/linux-64/r-fansi-1.0.6-r42h57805ef_0.conda#c12524190662098e2e8a245a3d1bc7dc
https://conda.anaconda.org/conda-forge/linux-64/r-fastmap-1.2.0-r42ha18555a_0.conda#5e0e7df5fe616ddf85ada76922779811
https://conda.anaconda.org/conda-forge/linux-64/r-glue-1.7.0-r42h57805ef_0.conda#eab803a28d66337ae3732b04c5f5604f
https://conda.anaconda.org/conda-forge/linux-64/r-jsonlite-1.8.8-r42h57805ef_0.conda#d0b27ba963de139270a7b53f897afdf6
https://conda.anaconda.org/conda-forge/linux-64/r-pbdzmq-0.3_11-r42hc2df49b_0.conda#c19a2b7c89065f8a2de90b3a0b70b3d0
https://conda.anaconda.org/conda-forge/linux-64/r-rlang-1.1.4-r42ha18555a_0.conda#ab6364a17b32268b82c46f09695a9cc9
https://conda.anaconda.org/conda-forge/linux-64/r-utf8-1.2.4-r42h57805ef_0.conda#1da2e3bcbf75c6ddc3466941d88ff93f
https://conda.anaconda.org/conda-forge/linux-64/r-uuid-1.2_0-r42h57805ef_0.conda#f7585e68687b274880bbd68f34c0524d
https://conda.anaconda.org/conda-forge/linux-64/r-ellipsis-0.3.2-r42h57805ef_2.conda#1673236a1895ca5cce15c888435ad2f9
https://conda.anaconda.org/conda-forge/noarch/r-lifecycle-1.0.4-r42hc72bb7e_0.conda#7d00a412d44005a8714c192589143b81
https://conda.anaconda.org/conda-forge/linux-64/r-htmltools-0.5.8.1-r42ha503ecb_0.conda#ccd77f3ec3e683329e9c7ea4444f9b79
https://conda.anaconda.org/conda-forge/linux-64/r-vctrs-0.6.5-r42ha503ecb_0.conda#5689030c60302fb5bb7a48b54c11dbe8
https://conda.anaconda.org/conda-forge/noarch/r-pillar-1.9.0-r42hc72bb7e_1.conda#07d5ce8e710897745f14c951ff947cdd
https://conda.anaconda.org/conda-forge/noarch/r-repr-1.1.7-r42h785f33e_0.conda#7f19d316b75a1cb07be48d96b662a9b6
https://conda.anaconda.org/conda-forge/noarch/r-irdisplay-1.1-r42hd8ed1ab_2.conda#6e87ec0e73f515c8890ec4784d9a9246
https://conda.anaconda.org/conda-forge/noarch/r-irkernel-1.3.1-r42h785f33e_0.tar.bz2#e51868afe70158ca2e0143ca1a8d80bf
